PODS:
  - Nimble (8.1.2)
  - Quick (3.1.2)

DEPENDENCIES:
  - Nimble (= 8.1.2)
  - Quick (= 3.1.2)

SPEC REPOS:
  trunk:
    - Nimble
    - Quick

SPEC CHECKSUMS:
  Nimble: 3864815b4703c7ebffba875973c70e854489fbae
  Quick: 60f0ea3b8e0cfc0df3259a5c06a238ad8b3c46e0

PODFILE CHECKSUM: efcd0b97867daec6fe4cf9dcd61d6c719246d16b

COCOAPODS: 1.10.0
