PODS:
  - Nimble (9.2.0)
  - Quick (3.1.2)

DEPENDENCIES:
  - Nimble (= 9.2.0)
  - Quick (= 3.1.2)

SPEC REPOS:
  trunk:
    - Nimble
    - Quick

SPEC CHECKSUMS:
  Nimble: 4f4a345c80b503b3ea13606a4f98405974ee4d0b
  Quick: 60f0ea3b8e0cfc0df3259a5c06a238ad8b3c46e0

PODFILE CHECKSUM: ff9c7ecefb37e20a35509d1d2f5c2f7f1388df6a

COCOAPODS: 1.10.1
