// !$*UTF8*$!
{
	archiveVersion = 1;
	classes = {
	};
	objectVersion = 46;
	objects = {

/* Begin PBXBuildFile section */
		2803797D1EFCD75B0043682D /* Array+Accessor.swift in Sources */ = {isa = PBXBuildFile; fileRef = 2803797C1EFCD75B0043682D /* Array+Accessor.swift */; };
		280379801EFCDE2F0043682D /* Array+AccessorSpecs.swift in Sources */ = {isa = PBXBuildFile; fileRef = 2803797F1EFCDE2F0043682D /* Array+AccessorSpecs.swift */; };
		281881D61EA86AB800E8C85E /* String+Helper.swift in Sources */ = {isa = PBXBuildFile; fileRef = 281881D51EA86AB800E8C85E /* String+Helper.swift */; };
		281881D81EA86EEC00E8C85E /* String+HelperSpecs.swift in Sources */ = {isa = PBXBuildFile; fileRef = 281881D71EA86EEC00E8C85E /* String+HelperSpecs.swift */; };
		28451A131EBC3D0400793441 /* NetworkHelperDelegate+Optional.swift in Sources */ = {isa = PBXBuildFile; fileRef = 28451A121EBC3D0400793441 /* NetworkHelperDelegate+Optional.swift */; };
		28451A151EBC3E7800793441 /* NetworkRequestType.swift in Sources */ = {isa = PBXBuildFile; fileRef = 28451A141EBC3E7800793441 /* NetworkRequestType.swift */; };
		28451A171EBC45FA00793441 /* NetworkTaskType.swift in Sources */ = {isa = PBXBuildFile; fileRef = 28451A161EBC45FA00793441 /* NetworkTaskType.swift */; };
		28451A191EBC463300793441 /* NetworkTask.swift in Sources */ = {isa = PBXBuildFile; fileRef = 28451A181EBC463300793441 /* NetworkTask.swift */; };
		2848AAF51E9D9E4C004C6A66 /* AdvancedFoundation.framework in Frameworks */ = {isa = PBXBuildFile; fileRef = 2848AAEB1E9D9E4C004C6A66 /* AdvancedFoundation.framework */; };
		2848AB0A1E9DA039004C6A66 /* Logger.swift in Sources */ = {isa = PBXBuildFile; fileRef = 2848AB091E9DA039004C6A66 /* Logger.swift */; };
		284EEFD41EBFF3790022EB6B /* FormData+Parser.swift in Sources */ = {isa = PBXBuildFile; fileRef = 284EEFD31EBFF3790022EB6B /* FormData+Parser.swift */; };
		284EEFD61EBFFEE30022EB6B /* FormDataField.swift in Sources */ = {isa = PBXBuildFile; fileRef = 284EEFD51EBFFEE30022EB6B /* FormDataField.swift */; };
		284EEFDA1EC001A50022EB6B /* FormDataTextField.swift in Sources */ = {isa = PBXBuildFile; fileRef = 284EEFD91EC001A50022EB6B /* FormDataTextField.swift */; };
		284EEFDC1EC001C30022EB6B /* FormDataTextField+Field.swift in Sources */ = {isa = PBXBuildFile; fileRef = 284EEFDB1EC001C30022EB6B /* FormDataTextField+Field.swift */; };
		284EEFDE1EC001CF0022EB6B /* FormDataFileField+Field.swift in Sources */ = {isa = PBXBuildFile; fileRef = 284EEFDD1EC001CF0022EB6B /* FormDataFileField+Field.swift */; };
		284EEFE01EC029050022EB6B /* FormDataFileField.swift in Sources */ = {isa = PBXBuildFile; fileRef = 284EEFDF1EC029050022EB6B /* FormDataFileField.swift */; };
		284EEFE41EC04D640022EB6B /* FormData+ParserSpecs.swift in Sources */ = {isa = PBXBuildFile; fileRef = 284EEFE31EC04D640022EB6B /* FormData+ParserSpecs.swift */; };
		284EEFE61EC137390022EB6B /* FormDataTextField+ParsableSpecs.swift in Sources */ = {isa = PBXBuildFile; fileRef = 284EEFE51EC137390022EB6B /* FormDataTextField+ParsableSpecs.swift */; };
		284EEFE81EC137500022EB6B /* FormDataFileField+ParsableSpecs.swift in Sources */ = {isa = PBXBuildFile; fileRef = 284EEFE71EC137500022EB6B /* FormDataFileField+ParsableSpecs.swift */; };
		284EF0081EC28F440022EB6B /* NetworkTask+EquatableSpecs.swift in Sources */ = {isa = PBXBuildFile; fileRef = 284EF0071EC28F440022EB6B /* NetworkTask+EquatableSpecs.swift */; };
		28525CB41EAD7C20006F6FDE /* PathHelper.swift in Sources */ = {isa = PBXBuildFile; fileRef = 28525CB31EAD7C20006F6FDE /* PathHelper.swift */; };
		28525CB61EAD7C2B006F6FDE /* DirectoryHelper.swift in Sources */ = {isa = PBXBuildFile; fileRef = 28525CB51EAD7C2B006F6FDE /* DirectoryHelper.swift */; };
		2854752C1ED3A5AA00821F83 /* FormDataSpecs.swift in Sources */ = {isa = PBXBuildFile; fileRef = 2854752B1ED3A5AA00821F83 /* FormDataSpecs.swift */; };
		2854752E1ED3A6D000821F83 /* FormDataFileFieldSpecs.swift in Sources */ = {isa = PBXBuildFile; fileRef = 2854752D1ED3A6D000821F83 /* FormDataFileFieldSpecs.swift */; };
		285475301ED3A7E400821F83 /* FormDataTextFieldSpecs.swift in Sources */ = {isa = PBXBuildFile; fileRef = 2854752F1ED3A7E400821F83 /* FormDataTextFieldSpecs.swift */; };
		285475321ED3AC0300821F83 /* NetworkTaskSpecs.swift in Sources */ = {isa = PBXBuildFile; fileRef = 285475311ED3AC0300821F83 /* NetworkTaskSpecs.swift */; };
		285475341ED3B02300821F83 /* NetworkResponseHeaderSpecs.swift in Sources */ = {isa = PBXBuildFile; fileRef = 285475331ED3B02300821F83 /* NetworkResponseHeaderSpecs.swift */; };
		285475361ED3B16C00821F83 /* NetworkRequestHeaderSpecs.swift in Sources */ = {isa = PBXBuildFile; fileRef = 285475351ED3B16C00821F83 /* NetworkRequestHeaderSpecs.swift */; };
		286247231EB994DF007D531D /* NSManagedObject+Test.swift in Sources */ = {isa = PBXBuildFile; fileRef = 286247221EB994DF007D531D /* NSManagedObject+Test.swift */; };
		286353E81ED5096E000B7A7F /* IDGeneratorMocker.swift in Sources */ = {isa = PBXBuildFile; fileRef = 286353E71ED5096E000B7A7F /* IDGeneratorMocker.swift */; };
		286353EA1ED52B55000B7A7F /* URLSessionDownloadTaskMocker.swift in Sources */ = {isa = PBXBuildFile; fileRef = 286353E91ED52B55000B7A7F /* URLSessionDownloadTaskMocker.swift */; };
		286353EC1ED53D08000B7A7F /* URLSessionUploadTaskMocker.swift in Sources */ = {isa = PBXBuildFile; fileRef = 286353EB1ED53D08000B7A7F /* URLSessionUploadTaskMocker.swift */; };
		286353F01ED54306000B7A7F /* APIMocker.swift in Sources */ = {isa = PBXBuildFile; fileRef = 286353EF1ED54306000B7A7F /* APIMocker.swift */; };
		286353F21ED55974000B7A7F /* ErrorMocker.swift in Sources */ = {isa = PBXBuildFile; fileRef = 286353F11ED55974000B7A7F /* ErrorMocker.swift */; };
		286353F41ED55D92000B7A7F /* ResponseMocker.swift in Sources */ = {isa = PBXBuildFile; fileRef = 286353F31ED55D92000B7A7F /* ResponseMocker.swift */; };
		28B942821ED3BD2400FFACA1 /* AppInfoAccessorSpecs.swift in Sources */ = {isa = PBXBuildFile; fileRef = 42F30E4A1E9E4CE200AC0249 /* AppInfoAccessorSpecs.swift */; };
		28CC3FE21EB812DB00C632A5 /* CoreDataHelper.swift in Sources */ = {isa = PBXBuildFile; fileRef = 28CC3FE11EB812DB00C632A5 /* CoreDataHelper.swift */; };
		28CC3FE71EB8200200C632A5 /* CoreDataHelperSpecs.swift in Sources */ = {isa = PBXBuildFile; fileRef = 28CC3FE61EB8200200C632A5 /* CoreDataHelperSpecs.swift */; };
		28CC3FEA1EB8204700C632A5 /* AdvancedFoundationHost.xcdatamodeld in Sources */ = {isa = PBXBuildFile; fileRef = 28CC3FE81EB8204700C632A5 /* AdvancedFoundationHost.xcdatamodeld */; };
		28CC40111EB83F9600C632A5 /* Test+CoreDataClass.swift in Sources */ = {isa = PBXBuildFile; fileRef = 28CC400F1EB83F9600C632A5 /* Test+CoreDataClass.swift */; };
		28E246071ED4114D00C32C87 /* URLSessionMocker.swift in Sources */ = {isa = PBXBuildFile; fileRef = 28E246061ED4114D00C32C87 /* URLSessionMocker.swift */; };
		28E246091ED412B400C32C87 /* URLSessionDataTaskMocker.swift in Sources */ = {isa = PBXBuildFile; fileRef = 28E246081ED412B400C32C87 /* URLSessionDataTaskMocker.swift */; };
		28E7039E1EBAA0A3002BEDFC /* JSONPathSpecs.swift in Sources */ = {isa = PBXBuildFile; fileRef = 28E7039D1EBAA0A3002BEDFC /* JSONPathSpecs.swift */; };
		28E703A01EBAA2DA002BEDFC /* JSONNodeSpecs.swift in Sources */ = {isa = PBXBuildFile; fileRef = 28E7039F1EBAA2DA002BEDFC /* JSONNodeSpecs.swift */; };
		28E703AE1EBADF23002BEDFC /* NetworkHelper.strings in Resources */ = {isa = PBXBuildFile; fileRef = 28E703B01EBADF23002BEDFC /* NetworkHelper.strings */; };
		28E703B31EBADF62002BEDFC /* NetworkHelper.swift in Sources */ = {isa = PBXBuildFile; fileRef = 28E703B21EBADF62002BEDFC /* NetworkHelper.swift */; };
		28E703B51EBADFE3002BEDFC /* NetworkHelper+DataSessionDelegate.swift in Sources */ = {isa = PBXBuildFile; fileRef = 28E703B41EBADFE3002BEDFC /* NetworkHelper+DataSessionDelegate.swift */; };
		28E703B71EBAE000002BEDFC /* NetworkHelper+SessionTaskDelegate.swift in Sources */ = {isa = PBXBuildFile; fileRef = 28E703B61EBAE000002BEDFC /* NetworkHelper+SessionTaskDelegate.swift */; };
		28E703B91EBAE017002BEDFC /* NetworkHelper+DownloadSessionDelegate.swift in Sources */ = {isa = PBXBuildFile; fileRef = 28E703B81EBAE017002BEDFC /* NetworkHelper+DownloadSessionDelegate.swift */; };
		28E703BC1EBAE504002BEDFC /* NetworkHelperSpecs.swift in Sources */ = {isa = PBXBuildFile; fileRef = 28E703BB1EBAE504002BEDFC /* NetworkHelperSpecs.swift */; };
		28E703BE1EBBF1BA002BEDFC /* NetworkBodyType.swift in Sources */ = {isa = PBXBuildFile; fileRef = 28E703BD1EBBF1BA002BEDFC /* NetworkBodyType.swift */; };
		28E703C01EBBF237002BEDFC /* NetworkHelperDelegate.swift in Sources */ = {isa = PBXBuildFile; fileRef = 28E703BF1EBBF237002BEDFC /* NetworkHelperDelegate.swift */; };
		28E703C61EBC3103002BEDFC /* NetworkRequestHeader.swift in Sources */ = {isa = PBXBuildFile; fileRef = 28E703C51EBC3103002BEDFC /* NetworkRequestHeader.swift */; };
		420F3CAA1EA06B1B00BAA0A4 /* Number+CurrencyFormatter.swift in Sources */ = {isa = PBXBuildFile; fileRef = 420F3CA91EA06B1B00BAA0A4 /* Number+CurrencyFormatter.swift */; };
		420F3CAD1EA0721800BAA0A4 /* Number+LongNumberFormatter.swift in Sources */ = {isa = PBXBuildFile; fileRef = 420F3CAB1EA0721800BAA0A4 /* Number+LongNumberFormatter.swift */; };
		420F3CAE1EA0721800BAA0A4 /* Number+PercentageFormatter.swift in Sources */ = {isa = PBXBuildFile; fileRef = 420F3CAC1EA0721800BAA0A4 /* Number+PercentageFormatter.swift */; };
		420F3CB11EA0798300BAA0A4 /* Number+CurrencyFormatterSpecs.swift in Sources */ = {isa = PBXBuildFile; fileRef = 420F3CB01EA0798300BAA0A4 /* Number+CurrencyFormatterSpecs.swift */; };
		425336C81EA090E100B6D6BF /* Number+LongNumberFormatterSpecs.swift in Sources */ = {isa = PBXBuildFile; fileRef = 425336C71EA090E100B6D6BF /* Number+LongNumberFormatterSpecs.swift */; };
		425336CA1EA0A9E700B6D6BF /* Number+DecimalFormatter.swift in Sources */ = {isa = PBXBuildFile; fileRef = 425336C91EA0A9E700B6D6BF /* Number+DecimalFormatter.swift */; };
		425336CC1EA0ABE800B6D6BF /* Number+DecimalFormatterSpecs.swift in Sources */ = {isa = PBXBuildFile; fileRef = 425336CB1EA0ABE800B6D6BF /* Number+DecimalFormatterSpecs.swift */; };
		425336CE1EA1AB3B00B6D6BF /* Number+PercentageFormatterSpecs.swift in Sources */ = {isa = PBXBuildFile; fileRef = 425336CD1EA1AB3B00B6D6BF /* Number+PercentageFormatterSpecs.swift */; };
		425DCD171EB43DE200A0ED26 /* FileHelper.swift in Sources */ = {isa = PBXBuildFile; fileRef = 42283BEC1EA470E200E93EE3 /* FileHelper.swift */; };
		425DCD181EB43DE700A0ED26 /* FileHelperSpecs.swift in Sources */ = {isa = PBXBuildFile; fileRef = 4278038F1EA78676007AF7DF /* FileHelperSpecs.swift */; };
		425EAD531EAEDC1D001F1F81 /* DirectoryHelperSpecs.swift in Sources */ = {isa = PBXBuildFile; fileRef = 425EAD521EAEDC1D001F1F81 /* DirectoryHelperSpecs.swift */; };
		425FA3E01EA056980015E3C1 /* AppDelegate.swift in Sources */ = {isa = PBXBuildFile; fileRef = 425FA3DF1EA056980015E3C1 /* AppDelegate.swift */; };
		425FA3E21EA056980015E3C1 /* ViewController.swift in Sources */ = {isa = PBXBuildFile; fileRef = 425FA3E11EA056980015E3C1 /* ViewController.swift */; };
		425FA3E51EA056980015E3C1 /* Main.storyboard in Resources */ = {isa = PBXBuildFile; fileRef = 425FA3E31EA056980015E3C1 /* Main.storyboard */; };
		425FA3E71EA056980015E3C1 /* Assets.xcassets in Resources */ = {isa = PBXBuildFile; fileRef = 425FA3E61EA056980015E3C1 /* Assets.xcassets */; };
		425FA3EA1EA056980015E3C1 /* LaunchScreen.storyboard in Resources */ = {isa = PBXBuildFile; fileRef = 425FA3E81EA056980015E3C1 /* LaunchScreen.storyboard */; };
		42622E8D1EA1D59A00E5D5E7 /* String+Localizer.swift in Sources */ = {isa = PBXBuildFile; fileRef = 42622E8C1EA1D59A00E5D5E7 /* String+Localizer.swift */; };
		42622E991EA1E51100E5D5E7 /* String+LocalizerSpecs.swift in Sources */ = {isa = PBXBuildFile; fileRef = 42622E981EA1E51100E5D5E7 /* String+LocalizerSpecs.swift */; };
		42622E9D1EA1ECB200E5D5E7 /* StringLocalizerSpecs.strings in Resources */ = {isa = PBXBuildFile; fileRef = 42622E9C1EA1ECB200E5D5E7 /* StringLocalizerSpecs.strings */; };
		42622EA11EA1F6B900E5D5E7 /* Localizable.strings in Resources */ = {isa = PBXBuildFile; fileRef = 42622EA01EA1F6B900E5D5E7 /* Localizable.strings */; };
		42622EA41EA1FE3500E5D5E7 /* Date+Formatter.swift in Sources */ = {isa = PBXBuildFile; fileRef = 42622EA31EA1FE3500E5D5E7 /* Date+Formatter.swift */; };
		42622EA71EA2182000E5D5E7 /* Date.strings in Resources */ = {isa = PBXBuildFile; fileRef = 42622EA91EA2182000E5D5E7 /* Date.strings */; };
		42622EAD1EA237F900E5D5E7 /* Date+FormatterSpecs.swift in Sources */ = {isa = PBXBuildFile; fileRef = 42622EAC1EA237F900E5D5E7 /* Date+FormatterSpecs.swift */; };
		429202711EC7358200C4E909 /* FileInfoAccessorSpecs.swift in Sources */ = {isa = PBXBuildFile; fileRef = 42DAF4E61EA43D8800DE6B70 /* FileInfoAccessorSpecs.swift */; };
		429202721EC735DD00C4E909 /* FileInfoAccessor.swift in Sources */ = {isa = PBXBuildFile; fileRef = 42DAF4E41EA3A0C300DE6B70 /* FileInfoAccessor.swift */; };
		429202731EC73B3400C4E909 /* IDGeneratorSpecs.swift in Sources */ = {isa = PBXBuildFile; fileRef = 42DAF4DE1EA388BE00DE6B70 /* IDGeneratorSpecs.swift */; };
		429202761EC7DDFB00C4E909 /* ResourceHelperSpecs.swift in Sources */ = {isa = PBXBuildFile; fileRef = 429202751EC7DDFB00C4E909 /* ResourceHelperSpecs.swift */; };
		429202781EC7ECE100C4E909 /* NetworkResponseHeader+ParserSpecs.swift in Sources */ = {isa = PBXBuildFile; fileRef = 429202771EC7ECE100C4E909 /* NetworkResponseHeader+ParserSpecs.swift */; };
		4292027A1EC7EF6600C4E909 /* NetworkRequestHeader+ParserSpecs.swift in Sources */ = {isa = PBXBuildFile; fileRef = 429202791EC7EF6600C4E909 /* NetworkRequestHeader+ParserSpecs.swift */; };
		429202841EC8167B00C4E909 /* NetworkHelperSpecs+Delegate.swift in Sources */ = {isa = PBXBuildFile; fileRef = 429202831EC8167B00C4E909 /* NetworkHelperSpecs+Delegate.swift */; };
		429202861EC81CA700C4E909 /* NetworkHelperSpecsTask.swift in Sources */ = {isa = PBXBuildFile; fileRef = 429202851EC81CA700C4E909 /* NetworkHelperSpecsTask.swift */; };
		42A1633C1F163799004C04E9 /* TXT+Parser.swift in Sources */ = {isa = PBXBuildFile; fileRef = 42A1633B1F163799004C04E9 /* TXT+Parser.swift */; };
		42A1633E1F164355004C04E9 /* CSV+Parser.swift in Sources */ = {isa = PBXBuildFile; fileRef = 42A1633D1F164355004C04E9 /* CSV+Parser.swift */; };
		42A163401F1655D5004C04E9 /* CSV+ParserSpecs.swift in Sources */ = {isa = PBXBuildFile; fileRef = 42A1633F1F1655D5004C04E9 /* CSV+ParserSpecs.swift */; };
		42A163421F1656CB004C04E9 /* TXT+ParserSpecs.swift in Sources */ = {isa = PBXBuildFile; fileRef = 42A163411F1656CB004C04E9 /* TXT+ParserSpecs.swift */; };
		42C13A6D1EBCC345000D2E50 /* IDGenerator.swift in Sources */ = {isa = PBXBuildFile; fileRef = 42DAF4DC1EA3849D00DE6B70 /* IDGenerator.swift */; };
		42C13A6F1EBE9D0C000D2E50 /* NetworkResponseHeader.swift in Sources */ = {isa = PBXBuildFile; fileRef = 42C13A6E1EBE9D0C000D2E50 /* NetworkResponseHeader.swift */; };
		42C13A711EBE9F41000D2E50 /* NetworkResponseHeader+Parser.swift in Sources */ = {isa = PBXBuildFile; fileRef = 42C13A701EBE9F41000D2E50 /* NetworkResponseHeader+Parser.swift */; };
		42C13A731EBEA04F000D2E50 /* NetworkRequestHeader+Parser.swift in Sources */ = {isa = PBXBuildFile; fileRef = 42C13A721EBEA04F000D2E50 /* NetworkRequestHeader+Parser.swift */; };
		42C13A751EBEC130000D2E50 /* NetworkTask+Equatable.swift in Sources */ = {isa = PBXBuildFile; fileRef = 42C13A741EBEC130000D2E50 /* NetworkTask+Equatable.swift */; };
		42C13A771EBF527E000D2E50 /* FormData.swift in Sources */ = {isa = PBXBuildFile; fileRef = 42C13A761EBF527E000D2E50 /* FormData.swift */; };
		42D3424F1EB4792E00064B1C /* ResourceHelper.swift in Sources */ = {isa = PBXBuildFile; fileRef = 42D3424E1EB4792E00064B1C /* ResourceHelper.swift */; };
		42D342521EB48FBA00064B1C /* TextResourceHelper.swift in Sources */ = {isa = PBXBuildFile; fileRef = 42D342511EB48FBA00064B1C /* TextResourceHelper.swift */; };
		42D342541EB4968100064B1C /* TextResourceHelperSpecs.swift in Sources */ = {isa = PBXBuildFile; fileRef = 42D342531EB4968100064B1C /* TextResourceHelperSpecs.swift */; };
		42D342561EB49C0A00064B1C /* Avatar.jpg in Resources */ = {isa = PBXBuildFile; fileRef = 42D342551EB49C0A00064B1C /* Avatar.jpg */; };
		42D342581EB49E6900064B1C /* Temp.txt in Resources */ = {isa = PBXBuildFile; fileRef = 42D342571EB49E6900064B1C /* Temp.txt */; };
		42D342631EB4A66300064B1C /* CSV.swift in Sources */ = {isa = PBXBuildFile; fileRef = 42D342611EB4A66300064B1C /* CSV.swift */; };
		42D342641EB4A66300064B1C /* TXT.swift in Sources */ = {isa = PBXBuildFile; fileRef = 42D342621EB4A66300064B1C /* TXT.swift */; };
		42D342681EB4AB2200064B1C /* CSVSpecs.swift in Sources */ = {isa = PBXBuildFile; fileRef = 42D342671EB4AB2200064B1C /* CSVSpecs.swift */; };
		42D3426A1EB4AB3800064B1C /* TXTSpecs.swift in Sources */ = {isa = PBXBuildFile; fileRef = 42D342691EB4AB3800064B1C /* TXTSpecs.swift */; };
		42D3426D1EB4AFB700064B1C /* JSONParser.swift in Sources */ = {isa = PBXBuildFile; fileRef = 42D3426C1EB4AFB700064B1C /* JSONParser.swift */; };
		42D3426F1EB4CFAD00064B1C /* JSONPath.swift in Sources */ = {isa = PBXBuildFile; fileRef = 42D3426E1EB4CFAD00064B1C /* JSONPath.swift */; };
		42D342711EB4CFB800064B1C /* JSONNode.swift in Sources */ = {isa = PBXBuildFile; fileRef = 42D342701EB4CFB800064B1C /* JSONNode.swift */; };
		42D342731EB4D06200064B1C /* JSONNode+Parser.swift in Sources */ = {isa = PBXBuildFile; fileRef = 42D342721EB4D06200064B1C /* JSONNode+Parser.swift */; };
		42D342761EB4D55400064B1C /* JSONParserSpecs.swift in Sources */ = {isa = PBXBuildFile; fileRef = 42D342751EB4D55400064B1C /* JSONParserSpecs.swift */; };
		42D342781EB4D56100064B1C /* JSONNode+ParserSpecs.swift in Sources */ = {isa = PBXBuildFile; fileRef = 42D342771EB4D56100064B1C /* JSONNode+ParserSpecs.swift */; };
		42D3427A1EB54E7E00064B1C /* JSONPath+Parser.swift in Sources */ = {isa = PBXBuildFile; fileRef = 42D342791EB54E7E00064B1C /* JSONPath+Parser.swift */; };
		42D3427C1EB5502900064B1C /* JSONPath+Parser.swift in Sources */ = {isa = PBXBuildFile; fileRef = 42D3427B1EB5502900064B1C /* JSONPath+Parser.swift */; };
		42F1B2A11ED1631E00788234 /* PathHelperSpecs.swift in Sources */ = {isa = PBXBuildFile; fileRef = 42F1B2A01ED1631E00788234 /* PathHelperSpecs.swift */; };
		42F30E431E9E412900AC0249 /* AppInfoAccessor.swift in Sources */ = {isa = PBXBuildFile; fileRef = 42F30E411E9E412900AC0249 /* AppInfoAccessor.swift */; };
		42F30E441E9E412900AC0249 /* VersionHelper.swift in Sources */ = {isa = PBXBuildFile; fileRef = 42F30E421E9E412900AC0249 /* VersionHelper.swift */; };
		42F30E471E9E413400AC0249 /* VersionHelperSpecs.swift in Sources */ = {isa = PBXBuildFile; fileRef = 42F30E461E9E413400AC0249 /* VersionHelperSpecs.swift */; };
		44288731CD0DB5D0FB861C8C /* Pods_AdvancedFoundationTests.framework in Frameworks */ = {isa = PBXBuildFile; fileRef = 86FC5B98651D3B1381244FFD /* Pods_AdvancedFoundationTests.framework */; };
/* End PBXBuildFile section */

/* Begin PBXContainerItemProxy section */
		2848AAF61E9D9E4C004C6A66 /* PBXContainerItemProxy */ = {
			isa = PBXContainerItemProxy;
			containerPortal = 2848AAE21E9D9E4C004C6A66 /* Project object */;
			proxyType = 1;
			remoteGlobalIDString = 2848AAEA1E9D9E4C004C6A66;
			remoteInfo = AdvancedFoundation;
		};
		425FA3EF1EA056B50015E3C1 /* PBXContainerItemProxy */ = {
			isa = PBXContainerItemProxy;
			containerPortal = 2848AAE21E9D9E4C004C6A66 /* Project object */;
			proxyType = 1;
			remoteGlobalIDString = 425FA3DC1EA056980015E3C1;
			remoteInfo = AdvancedFoundationHost;
		};
/* End PBXContainerItemProxy section */

/* Begin PBXFileReference section */
		2803797C1EFCD75B0043682D /* Array+Accessor.swift */ = {isa = PBXFileReference; fileEncoding = 4; lastKnownFileType = sourcecode.swift; path = "Array+Accessor.swift"; sourceTree = "<group>"; };
		2803797F1EFCDE2F0043682D /* Array+AccessorSpecs.swift */ = {isa = PBXFileReference; fileEncoding = 4; lastKnownFileType = sourcecode.swift; path = "Array+AccessorSpecs.swift"; sourceTree = "<group>"; };
		281881D51EA86AB800E8C85E /* String+Helper.swift */ = {isa = PBXFileReference; fileEncoding = 4; lastKnownFileType = sourcecode.swift; path = "String+Helper.swift"; sourceTree = "<group>"; };
		281881D71EA86EEC00E8C85E /* String+HelperSpecs.swift */ = {isa = PBXFileReference; fileEncoding = 4; lastKnownFileType = sourcecode.swift; path = "String+HelperSpecs.swift"; sourceTree = "<group>"; };
		28451A121EBC3D0400793441 /* NetworkHelperDelegate+Optional.swift */ = {isa = PBXFileReference; fileEncoding = 4; lastKnownFileType = sourcecode.swift; path = "NetworkHelperDelegate+Optional.swift"; sourceTree = "<group>"; };
		28451A141EBC3E7800793441 /* NetworkRequestType.swift */ = {isa = PBXFileReference; fileEncoding = 4; lastKnownFileType = sourcecode.swift; path = NetworkRequestType.swift; sourceTree = "<group>"; };
		28451A161EBC45FA00793441 /* NetworkTaskType.swift */ = {isa = PBXFileReference; fileEncoding = 4; lastKnownFileType = sourcecode.swift; path = NetworkTaskType.swift; sourceTree = "<group>"; };
		28451A181EBC463300793441 /* NetworkTask.swift */ = {isa = PBXFileReference; fileEncoding = 4; lastKnownFileType = sourcecode.swift; path = NetworkTask.swift; sourceTree = "<group>"; };
		2848AAEB1E9D9E4C004C6A66 /* AdvancedFoundation.framework */ = {isa = PBXFileReference; explicitFileType = wrapper.framework; includeInIndex = 0; path = AdvancedFoundation.framework; sourceTree = BUILT_PRODUCTS_DIR; };
		2848AAEF1E9D9E4C004C6A66 /* Info.plist */ = {isa = PBXFileReference; lastKnownFileType = text.plist.xml; path = Info.plist; sourceTree = "<group>"; };
		2848AAF41E9D9E4C004C6A66 /* AdvancedFoundationTests.xctest */ = {isa = PBXFileReference; explicitFileType = wrapper.cfbundle; includeInIndex = 0; path = AdvancedFoundationTests.xctest; sourceTree = BUILT_PRODUCTS_DIR; };
		2848AAFB1E9D9E4C004C6A66 /* Info.plist */ = {isa = PBXFileReference; lastKnownFileType = text.plist.xml; path = Info.plist; sourceTree = "<group>"; };
		2848AB091E9DA039004C6A66 /* Logger.swift */ = {isa = PBXFileReference; fileEncoding = 4; lastKnownFileType = sourcecode.swift; path = Logger.swift; sourceTree = "<group>"; };
		284EEFD31EBFF3790022EB6B /* FormData+Parser.swift */ = {isa = PBXFileReference; fileEncoding = 4; lastKnownFileType = sourcecode.swift; path = "FormData+Parser.swift"; sourceTree = "<group>"; };
		284EEFD51EBFFEE30022EB6B /* FormDataField.swift */ = {isa = PBXFileReference; fileEncoding = 4; lastKnownFileType = sourcecode.swift; path = FormDataField.swift; sourceTree = "<group>"; };
		284EEFD91EC001A50022EB6B /* FormDataTextField.swift */ = {isa = PBXFileReference; fileEncoding = 4; lastKnownFileType = sourcecode.swift; path = FormDataTextField.swift; sourceTree = "<group>"; };
		284EEFDB1EC001C30022EB6B /* FormDataTextField+Field.swift */ = {isa = PBXFileReference; fileEncoding = 4; lastKnownFileType = sourcecode.swift; path = "FormDataTextField+Field.swift"; sourceTree = "<group>"; };
		284EEFDD1EC001CF0022EB6B /* FormDataFileField+Field.swift */ = {isa = PBXFileReference; fileEncoding = 4; lastKnownFileType = sourcecode.swift; path = "FormDataFileField+Field.swift"; sourceTree = "<group>"; };
		284EEFDF1EC029050022EB6B /* FormDataFileField.swift */ = {isa = PBXFileReference; fileEncoding = 4; lastKnownFileType = sourcecode.swift; path = FormDataFileField.swift; sourceTree = "<group>"; };
		284EEFE31EC04D640022EB6B /* FormData+ParserSpecs.swift */ = {isa = PBXFileReference; fileEncoding = 4; lastKnownFileType = sourcecode.swift; path = "FormData+ParserSpecs.swift"; sourceTree = "<group>"; };
		284EEFE51EC137390022EB6B /* FormDataTextField+ParsableSpecs.swift */ = {isa = PBXFileReference; fileEncoding = 4; lastKnownFileType = sourcecode.swift; path = "FormDataTextField+ParsableSpecs.swift"; sourceTree = "<group>"; };
		284EEFE71EC137500022EB6B /* FormDataFileField+ParsableSpecs.swift */ = {isa = PBXFileReference; fileEncoding = 4; lastKnownFileType = sourcecode.swift; path = "FormDataFileField+ParsableSpecs.swift"; sourceTree = "<group>"; };
		284EF0071EC28F440022EB6B /* NetworkTask+EquatableSpecs.swift */ = {isa = PBXFileReference; fileEncoding = 4; lastKnownFileType = sourcecode.swift; path = "NetworkTask+EquatableSpecs.swift"; sourceTree = "<group>"; };
		28525CB31EAD7C20006F6FDE /* PathHelper.swift */ = {isa = PBXFileReference; fileEncoding = 4; lastKnownFileType = sourcecode.swift; path = PathHelper.swift; sourceTree = "<group>"; };
		28525CB51EAD7C2B006F6FDE /* DirectoryHelper.swift */ = {isa = PBXFileReference; fileEncoding = 4; lastKnownFileType = sourcecode.swift; path = DirectoryHelper.swift; sourceTree = "<group>"; };
		2854752B1ED3A5AA00821F83 /* FormDataSpecs.swift */ = {isa = PBXFileReference; fileEncoding = 4; lastKnownFileType = sourcecode.swift; path = FormDataSpecs.swift; sourceTree = "<group>"; };
		2854752D1ED3A6D000821F83 /* FormDataFileFieldSpecs.swift */ = {isa = PBXFileReference; fileEncoding = 4; lastKnownFileType = sourcecode.swift; path = FormDataFileFieldSpecs.swift; sourceTree = "<group>"; };
		2854752F1ED3A7E400821F83 /* FormDataTextFieldSpecs.swift */ = {isa = PBXFileReference; fileEncoding = 4; lastKnownFileType = sourcecode.swift; path = FormDataTextFieldSpecs.swift; sourceTree = "<group>"; };
		285475311ED3AC0300821F83 /* NetworkTaskSpecs.swift */ = {isa = PBXFileReference; fileEncoding = 4; lastKnownFileType = sourcecode.swift; path = NetworkTaskSpecs.swift; sourceTree = "<group>"; };
		285475331ED3B02300821F83 /* NetworkResponseHeaderSpecs.swift */ = {isa = PBXFileReference; fileEncoding = 4; lastKnownFileType = sourcecode.swift; path = NetworkResponseHeaderSpecs.swift; sourceTree = "<group>"; };
		285475351ED3B16C00821F83 /* NetworkRequestHeaderSpecs.swift */ = {isa = PBXFileReference; fileEncoding = 4; lastKnownFileType = sourcecode.swift; path = NetworkRequestHeaderSpecs.swift; sourceTree = "<group>"; };
		286247221EB994DF007D531D /* NSManagedObject+Test.swift */ = {isa = PBXFileReference; fileEncoding = 4; lastKnownFileType = sourcecode.swift; path = "NSManagedObject+Test.swift"; sourceTree = "<group>"; };
		286353E71ED5096E000B7A7F /* IDGeneratorMocker.swift */ = {isa = PBXFileReference; fileEncoding = 4; lastKnownFileType = sourcecode.swift; path = IDGeneratorMocker.swift; sourceTree = "<group>"; };
		286353E91ED52B55000B7A7F /* URLSessionDownloadTaskMocker.swift */ = {isa = PBXFileReference; fileEncoding = 4; lastKnownFileType = sourcecode.swift; path = URLSessionDownloadTaskMocker.swift; sourceTree = "<group>"; };
		286353EB1ED53D08000B7A7F /* URLSessionUploadTaskMocker.swift */ = {isa = PBXFileReference; fileEncoding = 4; lastKnownFileType = sourcecode.swift; path = URLSessionUploadTaskMocker.swift; sourceTree = "<group>"; };
		286353EF1ED54306000B7A7F /* APIMocker.swift */ = {isa = PBXFileReference; fileEncoding = 4; lastKnownFileType = sourcecode.swift; path = APIMocker.swift; sourceTree = "<group>"; };
		286353F11ED55974000B7A7F /* ErrorMocker.swift */ = {isa = PBXFileReference; fileEncoding = 4; lastKnownFileType = sourcecode.swift; path = ErrorMocker.swift; sourceTree = "<group>"; };
		286353F31ED55D92000B7A7F /* ResponseMocker.swift */ = {isa = PBXFileReference; fileEncoding = 4; lastKnownFileType = sourcecode.swift; path = ResponseMocker.swift; sourceTree = "<group>"; };
		28CC3FE11EB812DB00C632A5 /* CoreDataHelper.swift */ = {isa = PBXFileReference; fileEncoding = 4; lastKnownFileType = sourcecode.swift; path = CoreDataHelper.swift; sourceTree = "<group>"; };
		28CC3FE31EB8130A00C632A5 /* CoreData.framework */ = {isa = PBXFileReference; lastKnownFileType = wrapper.framework; name = CoreData.framework; path = System/Library/Frameworks/CoreData.framework; sourceTree = SDKROOT; };
		28CC3FE61EB8200200C632A5 /* CoreDataHelperSpecs.swift */ = {isa = PBXFileReference; fileEncoding = 4; lastKnownFileType = sourcecode.swift; path = CoreDataHelperSpecs.swift; sourceTree = "<group>"; };
		28CC3FE91EB8204700C632A5 /* AdvancedFoundationHost.xcdatamodel */ = {isa = PBXFileReference; lastKnownFileType = wrapper.xcdatamodel; path = AdvancedFoundationHost.xcdatamodel; sourceTree = "<group>"; };
		28CC400F1EB83F9600C632A5 /* Test+CoreDataClass.swift */ = {isa = PBXFileReference; fileEncoding = 4; lastKnownFileType = sourcecode.swift; path = "Test+CoreDataClass.swift"; sourceTree = "<group>"; };
		28E246061ED4114D00C32C87 /* URLSessionMocker.swift */ = {isa = PBXFileReference; fileEncoding = 4; lastKnownFileType = sourcecode.swift; path = URLSessionMocker.swift; sourceTree = "<group>"; };
		28E246081ED412B400C32C87 /* URLSessionDataTaskMocker.swift */ = {isa = PBXFileReference; fileEncoding = 4; lastKnownFileType = sourcecode.swift; path = URLSessionDataTaskMocker.swift; sourceTree = "<group>"; };
		28E7039D1EBAA0A3002BEDFC /* JSONPathSpecs.swift */ = {isa = PBXFileReference; fileEncoding = 4; lastKnownFileType = sourcecode.swift; path = JSONPathSpecs.swift; sourceTree = "<group>"; };
		28E7039F1EBAA2DA002BEDFC /* JSONNodeSpecs.swift */ = {isa = PBXFileReference; fileEncoding = 4; lastKnownFileType = sourcecode.swift; path = JSONNodeSpecs.swift; sourceTree = "<group>"; };
		28E703AF1EBADF23002BEDFC /* en */ = {isa = PBXFileReference; lastKnownFileType = text.plist.strings; name = en; path = en.lproj/NetworkHelper.strings; sourceTree = "<group>"; };
		28E703B11EBADF25002BEDFC /* zh-Hans */ = {isa = PBXFileReference; lastKnownFileType = text.plist.strings; name = "zh-Hans"; path = "zh-Hans.lproj/NetworkHelper.strings"; sourceTree = "<group>"; };
		28E703B21EBADF62002BEDFC /* NetworkHelper.swift */ = {isa = PBXFileReference; fileEncoding = 4; lastKnownFileType = sourcecode.swift; path = NetworkHelper.swift; sourceTree = "<group>"; };
		28E703B41EBADFE3002BEDFC /* NetworkHelper+DataSessionDelegate.swift */ = {isa = PBXFileReference; fileEncoding = 4; lastKnownFileType = sourcecode.swift; path = "NetworkHelper+DataSessionDelegate.swift"; sourceTree = "<group>"; };
		28E703B61EBAE000002BEDFC /* NetworkHelper+SessionTaskDelegate.swift */ = {isa = PBXFileReference; fileEncoding = 4; lastKnownFileType = sourcecode.swift; path = "NetworkHelper+SessionTaskDelegate.swift"; sourceTree = "<group>"; };
		28E703B81EBAE017002BEDFC /* NetworkHelper+DownloadSessionDelegate.swift */ = {isa = PBXFileReference; fileEncoding = 4; lastKnownFileType = sourcecode.swift; path = "NetworkHelper+DownloadSessionDelegate.swift"; sourceTree = "<group>"; };
		28E703BB1EBAE504002BEDFC /* NetworkHelperSpecs.swift */ = {isa = PBXFileReference; fileEncoding = 4; lastKnownFileType = sourcecode.swift; path = NetworkHelperSpecs.swift; sourceTree = "<group>"; };
		28E703BD1EBBF1BA002BEDFC /* NetworkBodyType.swift */ = {isa = PBXFileReference; fileEncoding = 4; lastKnownFileType = sourcecode.swift; path = NetworkBodyType.swift; sourceTree = "<group>"; };
		28E703BF1EBBF237002BEDFC /* NetworkHelperDelegate.swift */ = {isa = PBXFileReference; fileEncoding = 4; lastKnownFileType = sourcecode.swift; path = NetworkHelperDelegate.swift; sourceTree = "<group>"; };
		28E703C51EBC3103002BEDFC /* NetworkRequestHeader.swift */ = {isa = PBXFileReference; fileEncoding = 4; lastKnownFileType = sourcecode.swift; path = NetworkRequestHeader.swift; sourceTree = "<group>"; };
		420F3CA91EA06B1B00BAA0A4 /* Number+CurrencyFormatter.swift */ = {isa = PBXFileReference; fileEncoding = 4; lastKnownFileType = sourcecode.swift; path = "Number+CurrencyFormatter.swift"; sourceTree = "<group>"; };
		420F3CAB1EA0721800BAA0A4 /* Number+LongNumberFormatter.swift */ = {isa = PBXFileReference; fileEncoding = 4; lastKnownFileType = sourcecode.swift; path = "Number+LongNumberFormatter.swift"; sourceTree = "<group>"; };
		420F3CAC1EA0721800BAA0A4 /* Number+PercentageFormatter.swift */ = {isa = PBXFileReference; fileEncoding = 4; lastKnownFileType = sourcecode.swift; path = "Number+PercentageFormatter.swift"; sourceTree = "<group>"; };
		420F3CB01EA0798300BAA0A4 /* Number+CurrencyFormatterSpecs.swift */ = {isa = PBXFileReference; fileEncoding = 4; lastKnownFileType = sourcecode.swift; path = "Number+CurrencyFormatterSpecs.swift"; sourceTree = "<group>"; };
		42283BEC1EA470E200E93EE3 /* FileHelper.swift */ = {isa = PBXFileReference; fileEncoding = 4; lastKnownFileType = sourcecode.swift; path = FileHelper.swift; sourceTree = "<group>"; };
		425336C71EA090E100B6D6BF /* Number+LongNumberFormatterSpecs.swift */ = {isa = PBXFileReference; fileEncoding = 4; lastKnownFileType = sourcecode.swift; path = "Number+LongNumberFormatterSpecs.swift"; sourceTree = "<group>"; };
		425336C91EA0A9E700B6D6BF /* Number+DecimalFormatter.swift */ = {isa = PBXFileReference; fileEncoding = 4; lastKnownFileType = sourcecode.swift; path = "Number+DecimalFormatter.swift"; sourceTree = "<group>"; };
		425336CB1EA0ABE800B6D6BF /* Number+DecimalFormatterSpecs.swift */ = {isa = PBXFileReference; fileEncoding = 4; lastKnownFileType = sourcecode.swift; path = "Number+DecimalFormatterSpecs.swift"; sourceTree = "<group>"; };
		425336CD1EA1AB3B00B6D6BF /* Number+PercentageFormatterSpecs.swift */ = {isa = PBXFileReference; fileEncoding = 4; lastKnownFileType = sourcecode.swift; path = "Number+PercentageFormatterSpecs.swift"; sourceTree = "<group>"; };
		425EAD521EAEDC1D001F1F81 /* DirectoryHelperSpecs.swift */ = {isa = PBXFileReference; fileEncoding = 4; lastKnownFileType = sourcecode.swift; path = DirectoryHelperSpecs.swift; sourceTree = "<group>"; };
		425FA3DD1EA056980015E3C1 /* AdvancedFoundationHost.app */ = {isa = PBXFileReference; explicitFileType = wrapper.application; includeInIndex = 0; path = AdvancedFoundationHost.app; sourceTree = BUILT_PRODUCTS_DIR; };
		425FA3DF1EA056980015E3C1 /* AppDelegate.swift */ = {isa = PBXFileReference; lastKnownFileType = sourcecode.swift; path = AppDelegate.swift; sourceTree = "<group>"; };
		425FA3E11EA056980015E3C1 /* ViewController.swift */ = {isa = PBXFileReference; lastKnownFileType = sourcecode.swift; path = ViewController.swift; sourceTree = "<group>"; };
		425FA3E41EA056980015E3C1 /* Base */ = {isa = PBXFileReference; lastKnownFileType = file.storyboard; name = Base; path = Base.lproj/Main.storyboard; sourceTree = "<group>"; };
		425FA3E61EA056980015E3C1 /* Assets.xcassets */ = {isa = PBXFileReference; lastKnownFileType = folder.assetcatalog; path = Assets.xcassets; sourceTree = "<group>"; };
		425FA3E91EA056980015E3C1 /* Base */ = {isa = PBXFileReference; lastKnownFileType = file.storyboard; name = Base; path = Base.lproj/LaunchScreen.storyboard; sourceTree = "<group>"; };
		425FA3EB1EA056980015E3C1 /* Info.plist */ = {isa = PBXFileReference; lastKnownFileType = text.plist.xml; path = Info.plist; sourceTree = "<group>"; };
		42622E8C1EA1D59A00E5D5E7 /* String+Localizer.swift */ = {isa = PBXFileReference; fileEncoding = 4; lastKnownFileType = sourcecode.swift; path = "String+Localizer.swift"; sourceTree = "<group>"; };
		42622E981EA1E51100E5D5E7 /* String+LocalizerSpecs.swift */ = {isa = PBXFileReference; fileEncoding = 4; lastKnownFileType = sourcecode.swift; path = "String+LocalizerSpecs.swift"; sourceTree = "<group>"; };
		42622E9C1EA1ECB200E5D5E7 /* StringLocalizerSpecs.strings */ = {isa = PBXFileReference; fileEncoding = 4; lastKnownFileType = text.plist.strings; name = StringLocalizerSpecs.strings; path = AdvancedFoundationTests/String/StringLocalizerSpecs.strings; sourceTree = SOURCE_ROOT; };
		42622EA01EA1F6B900E5D5E7 /* Localizable.strings */ = {isa = PBXFileReference; fileEncoding = 4; lastKnownFileType = text.plist.strings; path = Localizable.strings; sourceTree = "<group>"; };
		42622EA31EA1FE3500E5D5E7 /* Date+Formatter.swift */ = {isa = PBXFileReference; fileEncoding = 4; lastKnownFileType = sourcecode.swift; path = "Date+Formatter.swift"; sourceTree = "<group>"; };
		42622EA81EA2182000E5D5E7 /* en */ = {isa = PBXFileReference; lastKnownFileType = text.plist.strings; name = en; path = en.lproj/Date.strings; sourceTree = "<group>"; };
		42622EAA1EA2182200E5D5E7 /* zh-Hans */ = {isa = PBXFileReference; lastKnownFileType = text.plist.strings; name = "zh-Hans"; path = "zh-Hans.lproj/Date.strings"; sourceTree = "<group>"; };
		42622EAC1EA237F900E5D5E7 /* Date+FormatterSpecs.swift */ = {isa = PBXFileReference; fileEncoding = 4; lastKnownFileType = sourcecode.swift; path = "Date+FormatterSpecs.swift"; sourceTree = "<group>"; };
		4278038F1EA78676007AF7DF /* FileHelperSpecs.swift */ = {isa = PBXFileReference; fileEncoding = 4; lastKnownFileType = sourcecode.swift; path = FileHelperSpecs.swift; sourceTree = "<group>"; };
		429202751EC7DDFB00C4E909 /* ResourceHelperSpecs.swift */ = {isa = PBXFileReference; fileEncoding = 4; lastKnownFileType = sourcecode.swift; path = ResourceHelperSpecs.swift; sourceTree = "<group>"; };
		429202771EC7ECE100C4E909 /* NetworkResponseHeader+ParserSpecs.swift */ = {isa = PBXFileReference; fileEncoding = 4; lastKnownFileType = sourcecode.swift; path = "NetworkResponseHeader+ParserSpecs.swift"; sourceTree = "<group>"; };
		429202791EC7EF6600C4E909 /* NetworkRequestHeader+ParserSpecs.swift */ = {isa = PBXFileReference; fileEncoding = 4; lastKnownFileType = sourcecode.swift; path = "NetworkRequestHeader+ParserSpecs.swift"; sourceTree = "<group>"; };
		429202831EC8167B00C4E909 /* NetworkHelperSpecs+Delegate.swift */ = {isa = PBXFileReference; fileEncoding = 4; lastKnownFileType = sourcecode.swift; path = "NetworkHelperSpecs+Delegate.swift"; sourceTree = "<group>"; };
		429202851EC81CA700C4E909 /* NetworkHelperSpecsTask.swift */ = {isa = PBXFileReference; fileEncoding = 4; lastKnownFileType = sourcecode.swift; path = NetworkHelperSpecsTask.swift; sourceTree = "<group>"; };
		42A1633B1F163799004C04E9 /* TXT+Parser.swift */ = {isa = PBXFileReference; fileEncoding = 4; lastKnownFileType = sourcecode.swift; path = "TXT+Parser.swift"; sourceTree = "<group>"; };
		42A1633D1F164355004C04E9 /* CSV+Parser.swift */ = {isa = PBXFileReference; fileEncoding = 4; lastKnownFileType = sourcecode.swift; path = "CSV+Parser.swift"; sourceTree = "<group>"; };
		42A1633F1F1655D5004C04E9 /* CSV+ParserSpecs.swift */ = {isa = PBXFileReference; fileEncoding = 4; lastKnownFileType = sourcecode.swift; path = "CSV+ParserSpecs.swift"; sourceTree = "<group>"; };
		42A163411F1656CB004C04E9 /* TXT+ParserSpecs.swift */ = {isa = PBXFileReference; fileEncoding = 4; lastKnownFileType = sourcecode.swift; path = "TXT+ParserSpecs.swift"; sourceTree = "<group>"; };
		42C13A6E1EBE9D0C000D2E50 /* NetworkResponseHeader.swift */ = {isa = PBXFileReference; fileEncoding = 4; lastKnownFileType = sourcecode.swift; path = NetworkResponseHeader.swift; sourceTree = "<group>"; };
		42C13A701EBE9F41000D2E50 /* NetworkResponseHeader+Parser.swift */ = {isa = PBXFileReference; fileEncoding = 4; lastKnownFileType = sourcecode.swift; path = "NetworkResponseHeader+Parser.swift"; sourceTree = "<group>"; };
		42C13A721EBEA04F000D2E50 /* NetworkRequestHeader+Parser.swift */ = {isa = PBXFileReference; fileEncoding = 4; lastKnownFileType = sourcecode.swift; path = "NetworkRequestHeader+Parser.swift"; sourceTree = "<group>"; };
		42C13A741EBEC130000D2E50 /* NetworkTask+Equatable.swift */ = {isa = PBXFileReference; fileEncoding = 4; lastKnownFileType = sourcecode.swift; path = "NetworkTask+Equatable.swift"; sourceTree = "<group>"; };
		42C13A761EBF527E000D2E50 /* FormData.swift */ = {isa = PBXFileReference; fileEncoding = 4; lastKnownFileType = sourcecode.swift; path = FormData.swift; sourceTree = "<group>"; };
		42D3424E1EB4792E00064B1C /* ResourceHelper.swift */ = {isa = PBXFileReference; fileEncoding = 4; lastKnownFileType = sourcecode.swift; path = ResourceHelper.swift; sourceTree = "<group>"; };
		42D342511EB48FBA00064B1C /* TextResourceHelper.swift */ = {isa = PBXFileReference; fileEncoding = 4; lastKnownFileType = sourcecode.swift; path = TextResourceHelper.swift; sourceTree = "<group>"; };
		42D342531EB4968100064B1C /* TextResourceHelperSpecs.swift */ = {isa = PBXFileReference; fileEncoding = 4; lastKnownFileType = sourcecode.swift; path = TextResourceHelperSpecs.swift; sourceTree = "<group>"; };
		42D342551EB49C0A00064B1C /* Avatar.jpg */ = {isa = PBXFileReference; lastKnownFileType = image.jpeg; path = Avatar.jpg; sourceTree = "<group>"; };
		42D342571EB49E6900064B1C /* Temp.txt */ = {isa = PBXFileReference; fileEncoding = 4; lastKnownFileType = text; path = Temp.txt; sourceTree = "<group>"; };
		42D342611EB4A66300064B1C /* CSV.swift */ = {isa = PBXFileReference; fileEncoding = 4; lastKnownFileType = sourcecode.swift; path = CSV.swift; sourceTree = "<group>"; };
		42D342621EB4A66300064B1C /* TXT.swift */ = {isa = PBXFileReference; fileEncoding = 4; lastKnownFileType = sourcecode.swift; path = TXT.swift; sourceTree = "<group>"; };
		42D342671EB4AB2200064B1C /* CSVSpecs.swift */ = {isa = PBXFileReference; fileEncoding = 4; lastKnownFileType = sourcecode.swift; path = CSVSpecs.swift; sourceTree = "<group>"; };
		42D342691EB4AB3800064B1C /* TXTSpecs.swift */ = {isa = PBXFileReference; fileEncoding = 4; lastKnownFileType = sourcecode.swift; path = TXTSpecs.swift; sourceTree = "<group>"; };
		42D3426C1EB4AFB700064B1C /* JSONParser.swift */ = {isa = PBXFileReference; fileEncoding = 4; lastKnownFileType = sourcecode.swift; path = JSONParser.swift; sourceTree = "<group>"; };
		42D3426E1EB4CFAD00064B1C /* JSONPath.swift */ = {isa = PBXFileReference; fileEncoding = 4; lastKnownFileType = sourcecode.swift; path = JSONPath.swift; sourceTree = "<group>"; };
		42D342701EB4CFB800064B1C /* JSONNode.swift */ = {isa = PBXFileReference; fileEncoding = 4; lastKnownFileType = sourcecode.swift; path = JSONNode.swift; sourceTree = "<group>"; };
		42D342721EB4D06200064B1C /* JSONNode+Parser.swift */ = {isa = PBXFileReference; fileEncoding = 4; lastKnownFileType = sourcecode.swift; path = "JSONNode+Parser.swift"; sourceTree = "<group>"; };
		42D342751EB4D55400064B1C /* JSONParserSpecs.swift */ = {isa = PBXFileReference; fileEncoding = 4; lastKnownFileType = sourcecode.swift; path = JSONParserSpecs.swift; sourceTree = "<group>"; };
		42D342771EB4D56100064B1C /* JSONNode+ParserSpecs.swift */ = {isa = PBXFileReference; fileEncoding = 4; lastKnownFileType = sourcecode.swift; path = "JSONNode+ParserSpecs.swift"; sourceTree = "<group>"; };
		42D342791EB54E7E00064B1C /* JSONPath+Parser.swift */ = {isa = PBXFileReference; fileEncoding = 4; lastKnownFileType = sourcecode.swift; path = "JSONPath+Parser.swift"; sourceTree = "<group>"; };
		42D3427B1EB5502900064B1C /* JSONPath+Parser.swift */ = {isa = PBXFileReference; fileEncoding = 4; lastKnownFileType = sourcecode.swift; path = "JSONPath+Parser.swift"; sourceTree = "<group>"; };
		42DAF4DC1EA3849D00DE6B70 /* IDGenerator.swift */ = {isa = PBXFileReference; fileEncoding = 4; lastKnownFileType = sourcecode.swift; path = IDGenerator.swift; sourceTree = "<group>"; };
		42DAF4DE1EA388BE00DE6B70 /* IDGeneratorSpecs.swift */ = {isa = PBXFileReference; fileEncoding = 4; lastKnownFileType = sourcecode.swift; path = IDGeneratorSpecs.swift; sourceTree = "<group>"; };
		42DAF4E41EA3A0C300DE6B70 /* FileInfoAccessor.swift */ = {isa = PBXFileReference; fileEncoding = 4; lastKnownFileType = sourcecode.swift; path = FileInfoAccessor.swift; sourceTree = "<group>"; };
		42DAF4E61EA43D8800DE6B70 /* FileInfoAccessorSpecs.swift */ = {isa = PBXFileReference; fileEncoding = 4; lastKnownFileType = sourcecode.swift; path = FileInfoAccessorSpecs.swift; sourceTree = "<group>"; };
		42F1B2A01ED1631E00788234 /* PathHelperSpecs.swift */ = {isa = PBXFileReference; fileEncoding = 4; lastKnownFileType = sourcecode.swift; path = PathHelperSpecs.swift; sourceTree = "<group>"; };
		42F30E411E9E412900AC0249 /* AppInfoAccessor.swift */ = {isa = PBXFileReference; fileEncoding = 4; lastKnownFileType = sourcecode.swift; path = AppInfoAccessor.swift; sourceTree = "<group>"; };
		42F30E421E9E412900AC0249 /* VersionHelper.swift */ = {isa = PBXFileReference; fileEncoding = 4; lastKnownFileType = sourcecode.swift; path = VersionHelper.swift; sourceTree = "<group>"; };
		42F30E461E9E413400AC0249 /* VersionHelperSpecs.swift */ = {isa = PBXFileReference; fileEncoding = 4; lastKnownFileType = sourcecode.swift; path = VersionHelperSpecs.swift; sourceTree = "<group>"; };
		42F30E4A1E9E4CE200AC0249 /* AppInfoAccessorSpecs.swift */ = {isa = PBXFileReference; fileEncoding = 4; lastKnownFileType = sourcecode.swift; path = AppInfoAccessorSpecs.swift; sourceTree = "<group>"; };
		57ED9B2EE2FA2F6771B7AD04 /* Pods-AdvancedFoundationTests.release.xcconfig */ = {isa = PBXFileReference; includeInIndex = 1; lastKnownFileType = text.xcconfig; name = "Pods-AdvancedFoundationTests.release.xcconfig"; path = "Pods/Target Support Files/Pods-AdvancedFoundationTests/Pods-AdvancedFoundationTests.release.xcconfig"; sourceTree = "<group>"; };
		86FC5B98651D3B1381244FFD /* Pods_AdvancedFoundationTests.framework */ = {isa = PBXFileReference; explicitFileType = wrapper.framework; includeInIndex = 0; path = Pods_AdvancedFoundationTests.framework; sourceTree = BUILT_PRODUCTS_DIR; };
		D29E49528E53C08AF22ACA11 /* Pods-AdvancedFoundationTests.debug.xcconfig */ = {isa = PBXFileReference; includeInIndex = 1; lastKnownFileType = text.xcconfig; name = "Pods-AdvancedFoundationTests.debug.xcconfig"; path = "Pods/Target Support Files/Pods-AdvancedFoundationTests/Pods-AdvancedFoundationTests.debug.xcconfig"; sourceTree = "<group>"; };
/* End PBXFileReference section */

/* Begin PBXFrameworksBuildPhase section */
		2848AAE71E9D9E4C004C6A66 /* Frameworks */ = {
			isa = PBXFrameworksBuildPhase;
			buildActionMask = 2147483647;
			files = (
			);
			runOnlyForDeploymentPostprocessing = 0;
		};
		2848AAF11E9D9E4C004C6A66 /* Frameworks */ = {
			isa = PBXFrameworksBuildPhase;
			buildActionMask = 2147483647;
			files = (
				2848AAF51E9D9E4C004C6A66 /* AdvancedFoundation.framework in Frameworks */,
				44288731CD0DB5D0FB861C8C /* Pods_AdvancedFoundationTests.framework in Frameworks */,
			);
			runOnlyForDeploymentPostprocessing = 0;
		};
		425FA3DA1EA056980015E3C1 /* Frameworks */ = {
			isa = PBXFrameworksBuildPhase;
			buildActionMask = 2147483647;
			files = (
			);
			runOnlyForDeploymentPostprocessing = 0;
		};
/* End PBXFrameworksBuildPhase section */

/* Begin PBXGroup section */
		2803797B1EFCD74C0043682D /* Array */ = {
			isa = PBXGroup;
			children = (
				2803797C1EFCD75B0043682D /* Array+Accessor.swift */,
			);
			path = Array;
			sourceTree = "<group>";
		};
		2803797E1EFCDE160043682D /* Array */ = {
			isa = PBXGroup;
			children = (
				2803797F1EFCDE2F0043682D /* Array+AccessorSpecs.swift */,
			);
			path = Array;
			sourceTree = "<group>";
		};
		2848AAE11E9D9E4C004C6A66 = {
			isa = PBXGroup;
			children = (
				2848AAED1E9D9E4C004C6A66 /* AdvancedFoundation */,
				425FA3DE1EA056980015E3C1 /* AdvancedFoundationHost */,
				2848AAF81E9D9E4C004C6A66 /* AdvancedFoundationTests */,
				80D516811EEC4BCCD529B51B /* Frameworks */,
				7DB45D186EA72BE2A52B00CE /* Pods */,
				2848AAEC1E9D9E4C004C6A66 /* Products */,
			);
			sourceTree = "<group>";
		};
		2848AAEC1E9D9E4C004C6A66 /* Products */ = {
			isa = PBXGroup;
			children = (
				2848AAEB1E9D9E4C004C6A66 /* AdvancedFoundation.framework */,
				2848AAF41E9D9E4C004C6A66 /* AdvancedFoundationTests.xctest */,
				425FA3DD1EA056980015E3C1 /* AdvancedFoundationHost.app */,
			);
			name = Products;
			sourceTree = "<group>";
		};
		2848AAED1E9D9E4C004C6A66 /* AdvancedFoundation */ = {
			isa = PBXGroup;
			children = (
				42F30E401E9E412900AC0249 /* App */,
				2803797B1EFCD74C0043682D /* Array */,
				28CC3FE01EB812CA00C632A5 /* Data */,
				42622EA21EA1FD8100E5D5E7 /* Date */,
				42DAF4E21EA3A07D00DE6B70 /* File */,
				2848AAEF1E9D9E4C004C6A66 /* Info.plist */,
				2848AB081E9DA039004C6A66 /* Log */,
				28E703AB1EBADEB5002BEDFC /* Network */,
				420F3CA81EA06B1B00BAA0A4 /* Number */,
				42D3426B1EB4AFAC00064B1C /* Parser */,
				42DAF4DA1EA3846600DE6B70 /* Resource */,
				42622E8B1EA1D54800E5D5E7 /* String */,
			);
			path = AdvancedFoundation;
			sourceTree = "<group>";
		};
		2848AAF81E9D9E4C004C6A66 /* AdvancedFoundationTests */ = {
			isa = PBXGroup;
			children = (
				42F30E451E9E413400AC0249 /* App */,
				2803797E1EFCDE160043682D /* Array */,
				28CC3FE51EB81FEF00C632A5 /* Data */,
				42622EAB1EA234FB00E5D5E7 /* Date */,
				42DAF4E31EA3A08E00DE6B70 /* File */,
				2848AAFB1E9D9E4C004C6A66 /* Info.plist */,
				28E703BA1EBAE4F9002BEDFC /* Network */,
				420F3CAF1EA0759500BAA0A4 /* Number */,
				42D342741EB4D54600064B1C /* Parser */,
				42DAF4DB1EA3847A00DE6B70 /* Resource */,
				42622E971EA1E50200E5D5E7 /* String */,
			);
			path = AdvancedFoundationTests;
			sourceTree = "<group>";
		};
		2848AB081E9DA039004C6A66 /* Log */ = {
			isa = PBXGroup;
			children = (
				2848AB091E9DA039004C6A66 /* Logger.swift */,
			);
			path = Log;
			sourceTree = "<group>";
		};
		28CC3FE01EB812CA00C632A5 /* Data */ = {
			isa = PBXGroup;
			children = (
				28CC3FE11EB812DB00C632A5 /* CoreDataHelper.swift */,
			);
			path = Data;
			sourceTree = "<group>";
		};
		28CC3FE51EB81FEF00C632A5 /* Data */ = {
			isa = PBXGroup;
			children = (
				28CC3FE61EB8200200C632A5 /* CoreDataHelperSpecs.swift */,
				286247221EB994DF007D531D /* NSManagedObject+Test.swift */,
				28CC400F1EB83F9600C632A5 /* Test+CoreDataClass.swift */,
			);
			path = Data;
			sourceTree = "<group>";
		};
		28E703AB1EBADEB5002BEDFC /* Network */ = {
			isa = PBXGroup;
			children = (
				42C13A761EBF527E000D2E50 /* FormData.swift */,
				284EEFD31EBFF3790022EB6B /* FormData+Parser.swift */,
				284EEFD51EBFFEE30022EB6B /* FormDataField.swift */,
				284EEFDF1EC029050022EB6B /* FormDataFileField.swift */,
				284EEFDD1EC001CF0022EB6B /* FormDataFileField+Field.swift */,
				284EEFD91EC001A50022EB6B /* FormDataTextField.swift */,
				284EEFDB1EC001C30022EB6B /* FormDataTextField+Field.swift */,
				28E703BD1EBBF1BA002BEDFC /* NetworkBodyType.swift */,
				28E703B01EBADF23002BEDFC /* NetworkHelper.strings */,
				28E703B21EBADF62002BEDFC /* NetworkHelper.swift */,
				28E703B41EBADFE3002BEDFC /* NetworkHelper+DataSessionDelegate.swift */,
				28E703B81EBAE017002BEDFC /* NetworkHelper+DownloadSessionDelegate.swift */,
				28E703B61EBAE000002BEDFC /* NetworkHelper+SessionTaskDelegate.swift */,
				28E703BF1EBBF237002BEDFC /* NetworkHelperDelegate.swift */,
				28451A121EBC3D0400793441 /* NetworkHelperDelegate+Optional.swift */,
				28E703C51EBC3103002BEDFC /* NetworkRequestHeader.swift */,
				42C13A721EBEA04F000D2E50 /* NetworkRequestHeader+Parser.swift */,
				28451A141EBC3E7800793441 /* NetworkRequestType.swift */,
				42C13A6E1EBE9D0C000D2E50 /* NetworkResponseHeader.swift */,
				42C13A701EBE9F41000D2E50 /* NetworkResponseHeader+Parser.swift */,
				28451A181EBC463300793441 /* NetworkTask.swift */,
				42C13A741EBEC130000D2E50 /* NetworkTask+Equatable.swift */,
				28451A161EBC45FA00793441 /* NetworkTaskType.swift */,
			);
			path = Network;
			sourceTree = "<group>";
		};
		28E703BA1EBAE4F9002BEDFC /* Network */ = {
			isa = PBXGroup;
			children = (
				286353EF1ED54306000B7A7F /* APIMocker.swift */,
				286353F11ED55974000B7A7F /* ErrorMocker.swift */,
				284EEFE31EC04D640022EB6B /* FormData+ParserSpecs.swift */,
				284EEFE71EC137500022EB6B /* FormDataFileField+ParsableSpecs.swift */,
				2854752D1ED3A6D000821F83 /* FormDataFileFieldSpecs.swift */,
				2854752B1ED3A5AA00821F83 /* FormDataSpecs.swift */,
				284EEFE51EC137390022EB6B /* FormDataTextField+ParsableSpecs.swift */,
				2854752F1ED3A7E400821F83 /* FormDataTextFieldSpecs.swift */,
				286353E71ED5096E000B7A7F /* IDGeneratorMocker.swift */,
				28E703BB1EBAE504002BEDFC /* NetworkHelperSpecs.swift */,
				429202831EC8167B00C4E909 /* NetworkHelperSpecs+Delegate.swift */,
				429202851EC81CA700C4E909 /* NetworkHelperSpecsTask.swift */,
				429202791EC7EF6600C4E909 /* NetworkRequestHeader+ParserSpecs.swift */,
				285475351ED3B16C00821F83 /* NetworkRequestHeaderSpecs.swift */,
				429202771EC7ECE100C4E909 /* NetworkResponseHeader+ParserSpecs.swift */,
				285475331ED3B02300821F83 /* NetworkResponseHeaderSpecs.swift */,
				284EF0071EC28F440022EB6B /* NetworkTask+EquatableSpecs.swift */,
				285475311ED3AC0300821F83 /* NetworkTaskSpecs.swift */,
				286353F31ED55D92000B7A7F /* ResponseMocker.swift */,
				28E246081ED412B400C32C87 /* URLSessionDataTaskMocker.swift */,
				286353E91ED52B55000B7A7F /* URLSessionDownloadTaskMocker.swift */,
				28E246061ED4114D00C32C87 /* URLSessionMocker.swift */,
				286353EB1ED53D08000B7A7F /* URLSessionUploadTaskMocker.swift */,
			);
			path = Network;
			sourceTree = "<group>";
		};
		420F3CA81EA06B1B00BAA0A4 /* Number */ = {
			isa = PBXGroup;
			children = (
				420F3CA91EA06B1B00BAA0A4 /* Number+CurrencyFormatter.swift */,
				425336C91EA0A9E700B6D6BF /* Number+DecimalFormatter.swift */,
				420F3CAB1EA0721800BAA0A4 /* Number+LongNumberFormatter.swift */,
				420F3CAC1EA0721800BAA0A4 /* Number+PercentageFormatter.swift */,
			);
			path = Number;
			sourceTree = "<group>";
		};
		420F3CAF1EA0759500BAA0A4 /* Number */ = {
			isa = PBXGroup;
			children = (
				420F3CB01EA0798300BAA0A4 /* Number+CurrencyFormatterSpecs.swift */,
				425336CB1EA0ABE800B6D6BF /* Number+DecimalFormatterSpecs.swift */,
				425336C71EA090E100B6D6BF /* Number+LongNumberFormatterSpecs.swift */,
				425336CD1EA1AB3B00B6D6BF /* Number+PercentageFormatterSpecs.swift */,
			);
			path = Number;
			sourceTree = "<group>";
		};
		425FA3DE1EA056980015E3C1 /* AdvancedFoundationHost */ = {
			isa = PBXGroup;
			children = (
				28CC3FE81EB8204700C632A5 /* AdvancedFoundationHost.xcdatamodeld */,
				425FA3DF1EA056980015E3C1 /* AppDelegate.swift */,
				425FA3E61EA056980015E3C1 /* Assets.xcassets */,
				42D342551EB49C0A00064B1C /* Avatar.jpg */,
				425FA3EB1EA056980015E3C1 /* Info.plist */,
				425FA3E81EA056980015E3C1 /* LaunchScreen.storyboard */,
				42622EA01EA1F6B900E5D5E7 /* Localizable.strings */,
				425FA3E31EA056980015E3C1 /* Main.storyboard */,
				42D342571EB49E6900064B1C /* Temp.txt */,
				425FA3E11EA056980015E3C1 /* ViewController.swift */,
			);
			path = AdvancedFoundationHost;
			sourceTree = "<group>";
		};
		42622E8B1EA1D54800E5D5E7 /* String */ = {
			isa = PBXGroup;
			children = (
				281881D51EA86AB800E8C85E /* String+Helper.swift */,
				42622E8C1EA1D59A00E5D5E7 /* String+Localizer.swift */,
			);
			path = String;
			sourceTree = "<group>";
		};
		42622E971EA1E50200E5D5E7 /* String */ = {
			isa = PBXGroup;
			children = (
				281881D71EA86EEC00E8C85E /* String+HelperSpecs.swift */,
				42622E981EA1E51100E5D5E7 /* String+LocalizerSpecs.swift */,
				42622E9C1EA1ECB200E5D5E7 /* StringLocalizerSpecs.strings */,
			);
			path = String;
			sourceTree = "<group>";
		};
		42622EA21EA1FD8100E5D5E7 /* Date */ = {
			isa = PBXGroup;
			children = (
				42622EA91EA2182000E5D5E7 /* Date.strings */,
				42622EA31EA1FE3500E5D5E7 /* Date+Formatter.swift */,
			);
			path = Date;
			sourceTree = "<group>";
		};
		42622EAB1EA234FB00E5D5E7 /* Date */ = {
			isa = PBXGroup;
			children = (
				42622EAC1EA237F900E5D5E7 /* Date+FormatterSpecs.swift */,
			);
			path = Date;
			sourceTree = "<group>";
		};
		42D3426B1EB4AFAC00064B1C /* Parser */ = {
			isa = PBXGroup;
			children = (
				42D342701EB4CFB800064B1C /* JSONNode.swift */,
				42D342721EB4D06200064B1C /* JSONNode+Parser.swift */,
				42D3426C1EB4AFB700064B1C /* JSONParser.swift */,
				42D3426E1EB4CFAD00064B1C /* JSONPath.swift */,
				42D342791EB54E7E00064B1C /* JSONPath+Parser.swift */,
			);
			path = Parser;
			sourceTree = "<group>";
		};
		42D342741EB4D54600064B1C /* Parser */ = {
			isa = PBXGroup;
			children = (
				42D342771EB4D56100064B1C /* JSONNode+ParserSpecs.swift */,
				28E7039F1EBAA2DA002BEDFC /* JSONNodeSpecs.swift */,
				42D342751EB4D55400064B1C /* JSONParserSpecs.swift */,
				42D3427B1EB5502900064B1C /* JSONPath+Parser.swift */,
				28E7039D1EBAA0A3002BEDFC /* JSONPathSpecs.swift */,
			);
			path = Parser;
			sourceTree = "<group>";
		};
		42DAF4DA1EA3846600DE6B70 /* Resource */ = {
			isa = PBXGroup;
			children = (
				42DAF4DC1EA3849D00DE6B70 /* IDGenerator.swift */,
				42D3424E1EB4792E00064B1C /* ResourceHelper.swift */,
				42D342511EB48FBA00064B1C /* TextResourceHelper.swift */,
			);
			path = Resource;
			sourceTree = "<group>";
		};
		42DAF4DB1EA3847A00DE6B70 /* Resource */ = {
			isa = PBXGroup;
			children = (
				42DAF4DE1EA388BE00DE6B70 /* IDGeneratorSpecs.swift */,
				429202751EC7DDFB00C4E909 /* ResourceHelperSpecs.swift */,
				42D342531EB4968100064B1C /* TextResourceHelperSpecs.swift */,
			);
			path = Resource;
			sourceTree = "<group>";
		};
		42DAF4E21EA3A07D00DE6B70 /* File */ = {
			isa = PBXGroup;
			children = (
				42D342611EB4A66300064B1C /* CSV.swift */,
				42A1633D1F164355004C04E9 /* CSV+Parser.swift */,
				28525CB51EAD7C2B006F6FDE /* DirectoryHelper.swift */,
				42283BEC1EA470E200E93EE3 /* FileHelper.swift */,
				42DAF4E41EA3A0C300DE6B70 /* FileInfoAccessor.swift */,
				28525CB31EAD7C20006F6FDE /* PathHelper.swift */,
				42D342621EB4A66300064B1C /* TXT.swift */,
				42A1633B1F163799004C04E9 /* TXT+Parser.swift */,
			);
			path = File;
			sourceTree = "<group>";
		};
		42DAF4E31EA3A08E00DE6B70 /* File */ = {
			isa = PBXGroup;
			children = (
				42D342671EB4AB2200064B1C /* CSVSpecs.swift */,
				42A1633F1F1655D5004C04E9 /* CSV+ParserSpecs.swift */,
				425EAD521EAEDC1D001F1F81 /* DirectoryHelperSpecs.swift */,
				4278038F1EA78676007AF7DF /* FileHelperSpecs.swift */,
				42DAF4E61EA43D8800DE6B70 /* FileInfoAccessorSpecs.swift */,
				42F1B2A01ED1631E00788234 /* PathHelperSpecs.swift */,
				42D342691EB4AB3800064B1C /* TXTSpecs.swift */,
				42A163411F1656CB004C04E9 /* TXT+ParserSpecs.swift */,
			);
			path = File;
			sourceTree = "<group>";
		};
		42F30E401E9E412900AC0249 /* App */ = {
			isa = PBXGroup;
			children = (
				42F30E411E9E412900AC0249 /* AppInfoAccessor.swift */,
				42F30E421E9E412900AC0249 /* VersionHelper.swift */,
			);
			path = App;
			sourceTree = "<group>";
		};
		42F30E451E9E413400AC0249 /* App */ = {
			isa = PBXGroup;
			children = (
				42F30E4A1E9E4CE200AC0249 /* AppInfoAccessorSpecs.swift */,
				42F30E461E9E413400AC0249 /* VersionHelperSpecs.swift */,
			);
			path = App;
			sourceTree = "<group>";
		};
		7DB45D186EA72BE2A52B00CE /* Pods */ = {
			isa = PBXGroup;
			children = (
				D29E49528E53C08AF22ACA11 /* Pods-AdvancedFoundationTests.debug.xcconfig */,
				57ED9B2EE2FA2F6771B7AD04 /* Pods-AdvancedFoundationTests.release.xcconfig */,
			);
			name = Pods;
			sourceTree = "<group>";
		};
		80D516811EEC4BCCD529B51B /* Frameworks */ = {
			isa = PBXGroup;
			children = (
				28CC3FE31EB8130A00C632A5 /* CoreData.framework */,
				86FC5B98651D3B1381244FFD /* Pods_AdvancedFoundationTests.framework */,
			);
			name = Frameworks;
			sourceTree = "<group>";
		};
/* End PBXGroup section */

/* Begin PBXHeadersBuildPhase section */
		2848AAE81E9D9E4C004C6A66 /* Headers */ = {
			isa = PBXHeadersBuildPhase;
			buildActionMask = 2147483647;
			files = (
			);
			runOnlyForDeploymentPostprocessing = 0;
		};
/* End PBXHeadersBuildPhase section */

/* Begin PBXNativeTarget section */
		2848AAEA1E9D9E4C004C6A66 /* AdvancedFoundation */ = {
			isa = PBXNativeTarget;
			buildConfigurationList = 2848AAFF1E9D9E4C004C6A66 /* Build configuration list for PBXNativeTarget "AdvancedFoundation" */;
			buildPhases = (
				2848AAE61E9D9E4C004C6A66 /* Sources */,
				2848AAE71E9D9E4C004C6A66 /* Frameworks */,
				2848AAE81E9D9E4C004C6A66 /* Headers */,
				2848AAE91E9D9E4C004C6A66 /* Resources */,
			);
			buildRules = (
			);
			dependencies = (
			);
			name = AdvancedFoundation;
			productName = AdvancedFoundation;
			productReference = 2848AAEB1E9D9E4C004C6A66 /* AdvancedFoundation.framework */;
			productType = "com.apple.product-type.framework";
		};
		2848AAF31E9D9E4C004C6A66 /* AdvancedFoundationTests */ = {
			isa = PBXNativeTarget;
			buildConfigurationList = 2848AB021E9D9E4C004C6A66 /* Build configuration list for PBXNativeTarget "AdvancedFoundationTests" */;
			buildPhases = (
				C4B99332F5026D854B0D11DF /* [CP] Check Pods Manifest.lock */,
				2848AAF01E9D9E4C004C6A66 /* Sources */,
				2848AAF11E9D9E4C004C6A66 /* Frameworks */,
				2848AAF21E9D9E4C004C6A66 /* Resources */,
				A2D2793C75E9C46641CCE754 /* [CP] Embed Pods Frameworks */,
				C8737E07A15C3EAE856DF57A /* [CP] Copy Pods Resources */,
			);
			buildRules = (
			);
			dependencies = (
				2848AAF71E9D9E4C004C6A66 /* PBXTargetDependency */,
				425FA3F01EA056B50015E3C1 /* PBXTargetDependency */,
			);
			name = AdvancedFoundationTests;
			productName = AdvancedFoundationTests;
			productReference = 2848AAF41E9D9E4C004C6A66 /* AdvancedFoundationTests.xctest */;
			productType = "com.apple.product-type.bundle.unit-test";
		};
		425FA3DC1EA056980015E3C1 /* AdvancedFoundationHost */ = {
			isa = PBXNativeTarget;
			buildConfigurationList = 425FA3EE1EA056980015E3C1 /* Build configuration list for PBXNativeTarget "AdvancedFoundationHost" */;
			buildPhases = (
				425FA3D91EA056980015E3C1 /* Sources */,
				425FA3DA1EA056980015E3C1 /* Frameworks */,
				425FA3DB1EA056980015E3C1 /* Resources */,
			);
			buildRules = (
			);
			dependencies = (
			);
			name = AdvancedFoundationHost;
			productName = AdvancedFoundationHost;
			productReference = 425FA3DD1EA056980015E3C1 /* AdvancedFoundationHost.app */;
			productType = "com.apple.product-type.application";
		};
/* End PBXNativeTarget section */

/* Begin PBXProject section */
		2848AAE21E9D9E4C004C6A66 /* Project object */ = {
			isa = PBXProject;
			attributes = {
				LastSwiftUpdateCheck = 0830;
				LastUpgradeCheck = 0830;
				ORGANIZATIONNAME = Adamas;
				TargetAttributes = {
					2848AAEA1E9D9E4C004C6A66 = {
						CreatedOnToolsVersion = 8.3;
						ProvisioningStyle = Automatic;
					};
					2848AAF31E9D9E4C004C6A66 = {
						CreatedOnToolsVersion = 8.3;
						ProvisioningStyle = Automatic;
						TestTargetID = 425FA3DC1EA056980015E3C1;
					};
					425FA3DC1EA056980015E3C1 = {
						CreatedOnToolsVersion = 8.3.1;
						ProvisioningStyle = Automatic;
					};
				};
			};
			buildConfigurationList = 2848AAE51E9D9E4C004C6A66 /* Build configuration list for PBXProject "AdvancedFoundation" */;
			compatibilityVersion = "Xcode 3.2";
			developmentRegion = English;
			hasScannedForEncodings = 0;
			knownRegions = (
				en,
				Base,
				"zh-Hans",
			);
			mainGroup = 2848AAE11E9D9E4C004C6A66;
			productRefGroup = 2848AAEC1E9D9E4C004C6A66 /* Products */;
			projectDirPath = "";
			projectRoot = "";
			targets = (
				2848AAEA1E9D9E4C004C6A66 /* AdvancedFoundation */,
				2848AAF31E9D9E4C004C6A66 /* AdvancedFoundationTests */,
				425FA3DC1EA056980015E3C1 /* AdvancedFoundationHost */,
			);
		};
/* End PBXProject section */

/* Begin PBXResourcesBuildPhase section */
		2848AAE91E9D9E4C004C6A66 /* Resources */ = {
			isa = PBXResourcesBuildPhase;
			buildActionMask = 2147483647;
			files = (
				28E703AE1EBADF23002BEDFC /* NetworkHelper.strings in Resources */,
				42622EA71EA2182000E5D5E7 /* Date.strings in Resources */,
			);
			runOnlyForDeploymentPostprocessing = 0;
		};
		2848AAF21E9D9E4C004C6A66 /* Resources */ = {
			isa = PBXResourcesBuildPhase;
			buildActionMask = 2147483647;
			files = (
				42622E9D1EA1ECB200E5D5E7 /* StringLocalizerSpecs.strings in Resources */,
			);
			runOnlyForDeploymentPostprocessing = 0;
		};
		425FA3DB1EA056980015E3C1 /* Resources */ = {
			isa = PBXResourcesBuildPhase;
			buildActionMask = 2147483647;
			files = (
				42D342561EB49C0A00064B1C /* Avatar.jpg in Resources */,
				425FA3EA1EA056980015E3C1 /* LaunchScreen.storyboard in Resources */,
				42D342581EB49E6900064B1C /* Temp.txt in Resources */,
				42622EA11EA1F6B900E5D5E7 /* Localizable.strings in Resources */,
				425FA3E71EA056980015E3C1 /* Assets.xcassets in Resources */,
				425FA3E51EA056980015E3C1 /* Main.storyboard in Resources */,
			);
			runOnlyForDeploymentPostprocessing = 0;
		};
/* End PBXResourcesBuildPhase section */

/* Begin PBXShellScriptBuildPhase section */
		A2D2793C75E9C46641CCE754 /* [CP] Embed Pods Frameworks */ = {
			isa = PBXShellScriptBuildPhase;
			buildActionMask = 2147483647;
			files = (
			);
			inputPaths = (
			);
			name = "[CP] Embed Pods Frameworks";
			outputPaths = (
			);
			runOnlyForDeploymentPostprocessing = 0;
			shellPath = /bin/sh;
			shellScript = "\"${SRCROOT}/Pods/Target Support Files/Pods-AdvancedFoundationTests/Pods-AdvancedFoundationTests-frameworks.sh\"\n";
			showEnvVarsInLog = 0;
		};
		C4B99332F5026D854B0D11DF /* [CP] Check Pods Manifest.lock */ = {
			isa = PBXShellScriptBuildPhase;
			buildActionMask = 2147483647;
			files = (
			);
			inputPaths = (
			);
			name = "[CP] Check Pods Manifest.lock";
			outputPaths = (
			);
			runOnlyForDeploymentPostprocessing = 0;
			shellPath = /bin/sh;
			shellScript = "diff \"${PODS_ROOT}/../Podfile.lock\" \"${PODS_ROOT}/Manifest.lock\" > /dev/null\nif [ $? != 0 ] ; then\n    # print error to STDERR\n    echo \"error: The sandbox is not in sync with the Podfile.lock. Run 'pod install' or update your CocoaPods installation.\" >&2\n    exit 1\nfi\n";
			showEnvVarsInLog = 0;
		};
		C8737E07A15C3EAE856DF57A /* [CP] Copy Pods Resources */ = {
			isa = PBXShellScriptBuildPhase;
			buildActionMask = 2147483647;
			files = (
			);
			inputPaths = (
			);
			name = "[CP] Copy Pods Resources";
			outputPaths = (
			);
			runOnlyForDeploymentPostprocessing = 0;
			shellPath = /bin/sh;
			shellScript = "\"${SRCROOT}/Pods/Target Support Files/Pods-AdvancedFoundationTests/Pods-AdvancedFoundationTests-resources.sh\"\n";
			showEnvVarsInLog = 0;
		};
/* End PBXShellScriptBuildPhase section */

/* Begin PBXSourcesBuildPhase section */
		2848AAE61E9D9E4C004C6A66 /* Sources */ = {
			isa = PBXSourcesBuildPhase;
			buildActionMask = 2147483647;
			files = (
				28E703B31EBADF62002BEDFC /* NetworkHelper.swift in Sources */,
				28E703B71EBAE000002BEDFC /* NetworkHelper+SessionTaskDelegate.swift in Sources */,
				42D3426D1EB4AFB700064B1C /* JSONParser.swift in Sources */,
				429202721EC735DD00C4E909 /* FileInfoAccessor.swift in Sources */,
				42D342521EB48FBA00064B1C /* TextResourceHelper.swift in Sources */,
				42D342731EB4D06200064B1C /* JSONNode+Parser.swift in Sources */,
				42D3424F1EB4792E00064B1C /* ResourceHelper.swift in Sources */,
				42622EA41EA1FE3500E5D5E7 /* Date+Formatter.swift in Sources */,
				42D3426F1EB4CFAD00064B1C /* JSONPath.swift in Sources */,
				42D342631EB4A66300064B1C /* CSV.swift in Sources */,
				28525CB61EAD7C2B006F6FDE /* DirectoryHelper.swift in Sources */,
				42C13A731EBEA04F000D2E50 /* NetworkRequestHeader+Parser.swift in Sources */,
				2803797D1EFCD75B0043682D /* Array+Accessor.swift in Sources */,
				42C13A711EBE9F41000D2E50 /* NetworkResponseHeader+Parser.swift in Sources */,
				28E703BE1EBBF1BA002BEDFC /* NetworkBodyType.swift in Sources */,
				42C13A771EBF527E000D2E50 /* FormData.swift in Sources */,
				28451A171EBC45FA00793441 /* NetworkTaskType.swift in Sources */,
				2848AB0A1E9DA039004C6A66 /* Logger.swift in Sources */,
				284EEFDC1EC001C30022EB6B /* FormDataTextField+Field.swift in Sources */,
				420F3CAA1EA06B1B00BAA0A4 /* Number+CurrencyFormatter.swift in Sources */,
				425DCD171EB43DE200A0ED26 /* FileHelper.swift in Sources */,
				425336CA1EA0A9E700B6D6BF /* Number+DecimalFormatter.swift in Sources */,
				284EEFDA1EC001A50022EB6B /* FormDataTextField.swift in Sources */,
				42D342711EB4CFB800064B1C /* JSONNode.swift in Sources */,
				28E703B51EBADFE3002BEDFC /* NetworkHelper+DataSessionDelegate.swift in Sources */,
				42D342641EB4A66300064B1C /* TXT.swift in Sources */,
				28451A151EBC3E7800793441 /* NetworkRequestType.swift in Sources */,
				28451A191EBC463300793441 /* NetworkTask.swift in Sources */,
				42C13A6F1EBE9D0C000D2E50 /* NetworkResponseHeader.swift in Sources */,
				42A1633E1F164355004C04E9 /* CSV+Parser.swift in Sources */,
				42622E8D1EA1D59A00E5D5E7 /* String+Localizer.swift in Sources */,
				28E703B91EBAE017002BEDFC /* NetworkHelper+DownloadSessionDelegate.swift in Sources */,
				284EEFE01EC029050022EB6B /* FormDataFileField.swift in Sources */,
				42F30E431E9E412900AC0249 /* AppInfoAccessor.swift in Sources */,
				284EEFD41EBFF3790022EB6B /* FormData+Parser.swift in Sources */,
				28E703C61EBC3103002BEDFC /* NetworkRequestHeader.swift in Sources */,
				28CC3FE21EB812DB00C632A5 /* CoreDataHelper.swift in Sources */,
				28525CB41EAD7C20006F6FDE /* PathHelper.swift in Sources */,
				28E703C01EBBF237002BEDFC /* NetworkHelperDelegate.swift in Sources */,
				42D3427A1EB54E7E00064B1C /* JSONPath+Parser.swift in Sources */,
				42A1633C1F163799004C04E9 /* TXT+Parser.swift in Sources */,
				42C13A6D1EBCC345000D2E50 /* IDGenerator.swift in Sources */,
				28451A131EBC3D0400793441 /* NetworkHelperDelegate+Optional.swift in Sources */,
				284EEFDE1EC001CF0022EB6B /* FormDataFileField+Field.swift in Sources */,
				420F3CAD1EA0721800BAA0A4 /* Number+LongNumberFormatter.swift in Sources */,
				42F30E441E9E412900AC0249 /* VersionHelper.swift in Sources */,
				42C13A751EBEC130000D2E50 /* NetworkTask+Equatable.swift in Sources */,
				281881D61EA86AB800E8C85E /* String+Helper.swift in Sources */,
				284EEFD61EBFFEE30022EB6B /* FormDataField.swift in Sources */,
				420F3CAE1EA0721800BAA0A4 /* Number+PercentageFormatter.swift in Sources */,
			);
			runOnlyForDeploymentPostprocessing = 0;
		};
		2848AAF01E9D9E4C004C6A66 /* Sources */ = {
			isa = PBXSourcesBuildPhase;
			buildActionMask = 2147483647;
			files = (
				28CC3FE71EB8200200C632A5 /* CoreDataHelperSpecs.swift in Sources */,
				425336CE1EA1AB3B00B6D6BF /* Number+PercentageFormatterSpecs.swift in Sources */,
				2854752E1ED3A6D000821F83 /* FormDataFileFieldSpecs.swift in Sources */,
				28E703BC1EBAE504002BEDFC /* NetworkHelperSpecs.swift in Sources */,
				42D3427C1EB5502900064B1C /* JSONPath+Parser.swift in Sources */,
				28E246091ED412B400C32C87 /* URLSessionDataTaskMocker.swift in Sources */,
				286353EC1ED53D08000B7A7F /* URLSessionUploadTaskMocker.swift in Sources */,
				286353F01ED54306000B7A7F /* APIMocker.swift in Sources */,
				285475341ED3B02300821F83 /* NetworkResponseHeaderSpecs.swift in Sources */,
				28E246071ED4114D00C32C87 /* URLSessionMocker.swift in Sources */,
				425336C81EA090E100B6D6BF /* Number+LongNumberFormatterSpecs.swift in Sources */,
				429202711EC7358200C4E909 /* FileInfoAccessorSpecs.swift in Sources */,
				28B942821ED3BD2400FFACA1 /* AppInfoAccessorSpecs.swift in Sources */,
				42D342541EB4968100064B1C /* TextResourceHelperSpecs.swift in Sources */,
				429202731EC73B3400C4E909 /* IDGeneratorSpecs.swift in Sources */,
				285475321ED3AC0300821F83 /* NetworkTaskSpecs.swift in Sources */,
				429202841EC8167B00C4E909 /* NetworkHelperSpecs+Delegate.swift in Sources */,
				286353E81ED5096E000B7A7F /* IDGeneratorMocker.swift in Sources */,
				42622EAD1EA237F900E5D5E7 /* Date+FormatterSpecs.swift in Sources */,
				284EEFE41EC04D640022EB6B /* FormData+ParserSpecs.swift in Sources */,
				429202781EC7ECE100C4E909 /* NetworkResponseHeader+ParserSpecs.swift in Sources */,
				42D342761EB4D55400064B1C /* JSONParserSpecs.swift in Sources */,
				420F3CB11EA0798300BAA0A4 /* Number+CurrencyFormatterSpecs.swift in Sources */,
				286353F21ED55974000B7A7F /* ErrorMocker.swift in Sources */,
				28CC40111EB83F9600C632A5 /* Test+CoreDataClass.swift in Sources */,
				425EAD531EAEDC1D001F1F81 /* DirectoryHelperSpecs.swift in Sources */,
				42D3426A1EB4AB3800064B1C /* TXTSpecs.swift in Sources */,
				286247231EB994DF007D531D /* NSManagedObject+Test.swift in Sources */,
				42A163401F1655D5004C04E9 /* CSV+ParserSpecs.swift in Sources */,
				284EF0081EC28F440022EB6B /* NetworkTask+EquatableSpecs.swift in Sources */,
				4292027A1EC7EF6600C4E909 /* NetworkRequestHeader+ParserSpecs.swift in Sources */,
				42F1B2A11ED1631E00788234 /* PathHelperSpecs.swift in Sources */,
				425336CC1EA0ABE800B6D6BF /* Number+DecimalFormatterSpecs.swift in Sources */,
				281881D81EA86EEC00E8C85E /* String+HelperSpecs.swift in Sources */,
				425DCD181EB43DE700A0ED26 /* FileHelperSpecs.swift in Sources */,
				286353F41ED55D92000B7A7F /* ResponseMocker.swift in Sources */,
				280379801EFCDE2F0043682D /* Array+AccessorSpecs.swift in Sources */,
				284EEFE81EC137500022EB6B /* FormDataFileField+ParsableSpecs.swift in Sources */,
				429202861EC81CA700C4E909 /* NetworkHelperSpecsTask.swift in Sources */,
				42D342681EB4AB2200064B1C /* CSVSpecs.swift in Sources */,
				28E703A01EBAA2DA002BEDFC /* JSONNodeSpecs.swift in Sources */,
				42622E991EA1E51100E5D5E7 /* String+LocalizerSpecs.swift in Sources */,
				28E7039E1EBAA0A3002BEDFC /* JSONPathSpecs.swift in Sources */,
				284EEFE61EC137390022EB6B /* FormDataTextField+ParsableSpecs.swift in Sources */,
				286353EA1ED52B55000B7A7F /* URLSessionDownloadTaskMocker.swift in Sources */,
				42F30E471E9E413400AC0249 /* VersionHelperSpecs.swift in Sources */,
				429202761EC7DDFB00C4E909 /* ResourceHelperSpecs.swift in Sources */,
				285475301ED3A7E400821F83 /* FormDataTextFieldSpecs.swift in Sources */,
				285475361ED3B16C00821F83 /* NetworkRequestHeaderSpecs.swift in Sources */,
				42D342781EB4D56100064B1C /* JSONNode+ParserSpecs.swift in Sources */,
				42A163421F1656CB004C04E9 /* TXT+ParserSpecs.swift in Sources */,
				2854752C1ED3A5AA00821F83 /* FormDataSpecs.swift in Sources */,
			);
			runOnlyForDeploymentPostprocessing = 0;
		};
		425FA3D91EA056980015E3C1 /* Sources */ = {
			isa = PBXSourcesBuildPhase;
			buildActionMask = 2147483647;
			files = (
				28CC3FEA1EB8204700C632A5 /* AdvancedFoundationHost.xcdatamodeld in Sources */,
				425FA3E21EA056980015E3C1 /* ViewController.swift in Sources */,
				425FA3E01EA056980015E3C1 /* AppDelegate.swift in Sources */,
			);
			runOnlyForDeploymentPostprocessing = 0;
		};
/* End PBXSourcesBuildPhase section */

/* Begin PBXTargetDependency section */
		2848AAF71E9D9E4C004C6A66 /* PBXTargetDependency */ = {
			isa = PBXTargetDependency;
			target = 2848AAEA1E9D9E4C004C6A66 /* AdvancedFoundation */;
			targetProxy = 2848AAF61E9D9E4C004C6A66 /* PBXContainerItemProxy */;
		};
		425FA3F01EA056B50015E3C1 /* PBXTargetDependency */ = {
			isa = PBXTargetDependency;
			target = 425FA3DC1EA056980015E3C1 /* AdvancedFoundationHost */;
			targetProxy = 425FA3EF1EA056B50015E3C1 /* PBXContainerItemProxy */;
		};
/* End PBXTargetDependency section */

/* Begin PBXVariantGroup section */
		28E703B01EBADF23002BEDFC /* NetworkHelper.strings */ = {
			isa = PBXVariantGroup;
			children = (
				28E703AF1EBADF23002BEDFC /* en */,
				28E703B11EBADF25002BEDFC /* zh-Hans */,
			);
			name = NetworkHelper.strings;
			sourceTree = "<group>";
		};
		425FA3E31EA056980015E3C1 /* Main.storyboard */ = {
			isa = PBXVariantGroup;
			children = (
				425FA3E41EA056980015E3C1 /* Base */,
			);
			name = Main.storyboard;
			sourceTree = "<group>";
		};
		425FA3E81EA056980015E3C1 /* LaunchScreen.storyboard */ = {
			isa = PBXVariantGroup;
			children = (
				425FA3E91EA056980015E3C1 /* Base */,
			);
			name = LaunchScreen.storyboard;
			sourceTree = "<group>";
		};
		42622EA91EA2182000E5D5E7 /* Date.strings */ = {
			isa = PBXVariantGroup;
			children = (
				42622EA81EA2182000E5D5E7 /* en */,
				42622EAA1EA2182200E5D5E7 /* zh-Hans */,
			);
			name = Date.strings;
			sourceTree = "<group>";
		};
/* End PBXVariantGroup section */

/* Begin XCBuildConfiguration section */
		2848AAFD1E9D9E4C004C6A66 /* Debug */ = {
			isa = XCBuildConfiguration;
			buildSettings = {
				ALWAYS_SEARCH_USER_PATHS = NO;
				CLANG_ANALYZER_LOCALIZABILITY_NONLOCALIZED = YES;
				CLANG_ANALYZER_NONNULL = YES;
				CLANG_ANALYZER_NUMBER_OBJECT_CONVERSION = YES_AGGRESSIVE;
				CLANG_CXX_LANGUAGE_STANDARD = "gnu++0x";
				CLANG_CXX_LIBRARY = "libc++";
				CLANG_ENABLE_MODULES = YES;
				CLANG_ENABLE_OBJC_ARC = YES;
				CLANG_WARN_BOOL_CONVERSION = YES;
				CLANG_WARN_CONSTANT_CONVERSION = YES;
				CLANG_WARN_DIRECT_OBJC_ISA_USAGE = YES_ERROR;
				CLANG_WARN_DOCUMENTATION_COMMENTS = YES;
				CLANG_WARN_EMPTY_BODY = YES;
				CLANG_WARN_ENUM_CONVERSION = YES;
				CLANG_WARN_INFINITE_RECURSION = YES;
				CLANG_WARN_INT_CONVERSION = YES;
				CLANG_WARN_OBJC_ROOT_CLASS = YES_ERROR;
				CLANG_WARN_SUSPICIOUS_MOVE = YES;
				CLANG_WARN_UNREACHABLE_CODE = YES;
				CLANG_WARN__DUPLICATE_METHOD_MATCH = YES;
				"CODE_SIGN_IDENTITY[sdk=iphoneos*]" = "iPhone Developer";
				COPY_PHASE_STRIP = NO;
				CURRENT_PROJECT_VERSION = 1;
				DEBUG_INFORMATION_FORMAT = dwarf;
				ENABLE_STRICT_OBJC_MSGSEND = YES;
				ENABLE_TESTABILITY = YES;
				GCC_C_LANGUAGE_STANDARD = gnu99;
				GCC_DYNAMIC_NO_PIC = NO;
				GCC_NO_COMMON_BLOCKS = YES;
				GCC_OPTIMIZATION_LEVEL = 0;
				GCC_PREPROCESSOR_DEFINITIONS = (
					"DEBUG=1",
					"$(inherited)",
				);
				GCC_WARN_64_TO_32_BIT_CONVERSION = YES;
				GCC_WARN_ABOUT_RETURN_TYPE = YES_ERROR;
				GCC_WARN_UNDECLARED_SELECTOR = YES;
				GCC_WARN_UNINITIALIZED_AUTOS = YES_AGGRESSIVE;
				GCC_WARN_UNUSED_FUNCTION = YES;
				GCC_WARN_UNUSED_VARIABLE = YES;
				IPHONEOS_DEPLOYMENT_TARGET = 8.0;
				MTL_ENABLE_DEBUG_INFO = YES;
				ONLY_ACTIVE_ARCH = YES;
				SDKROOT = iphoneos;
				SWIFT_ACTIVE_COMPILATION_CONDITIONS = DEBUG;
				SWIFT_OPTIMIZATION_LEVEL = "-Onone";
				TARGETED_DEVICE_FAMILY = "1,2";
				VERSIONING_SYSTEM = "apple-generic";
				VERSION_INFO_PREFIX = "";
			};
			name = Debug;
		};
		2848AAFE1E9D9E4C004C6A66 /* Release */ = {
			isa = XCBuildConfiguration;
			buildSettings = {
				ALWAYS_SEARCH_USER_PATHS = NO;
				CLANG_ANALYZER_LOCALIZABILITY_NONLOCALIZED = YES;
				CLANG_ANALYZER_NONNULL = YES;
				CLANG_ANALYZER_NUMBER_OBJECT_CONVERSION = YES_AGGRESSIVE;
				CLANG_CXX_LANGUAGE_STANDARD = "gnu++0x";
				CLANG_CXX_LIBRARY = "libc++";
				CLANG_ENABLE_MODULES = YES;
				CLANG_ENABLE_OBJC_ARC = YES;
				CLANG_WARN_BOOL_CONVERSION = YES;
				CLANG_WARN_CONSTANT_CONVERSION = YES;
				CLANG_WARN_DIRECT_OBJC_ISA_USAGE = YES_ERROR;
				CLANG_WARN_DOCUMENTATION_COMMENTS = YES;
				CLANG_WARN_EMPTY_BODY = YES;
				CLANG_WARN_ENUM_CONVERSION = YES;
				CLANG_WARN_INFINITE_RECURSION = YES;
				CLANG_WARN_INT_CONVERSION = YES;
				CLANG_WARN_OBJC_ROOT_CLASS = YES_ERROR;
				CLANG_WARN_SUSPICIOUS_MOVE = YES;
				CLANG_WARN_UNREACHABLE_CODE = YES;
				CLANG_WARN__DUPLICATE_METHOD_MATCH = YES;
				"CODE_SIGN_IDENTITY[sdk=iphoneos*]" = "iPhone Developer";
				COPY_PHASE_STRIP = NO;
				CURRENT_PROJECT_VERSION = 1;
				DEBUG_INFORMATION_FORMAT = "dwarf-with-dsym";
				ENABLE_NS_ASSERTIONS = NO;
				ENABLE_STRICT_OBJC_MSGSEND = YES;
				GCC_C_LANGUAGE_STANDARD = gnu99;
				GCC_NO_COMMON_BLOCKS = YES;
				GCC_WARN_64_TO_32_BIT_CONVERSION = YES;
				GCC_WARN_ABOUT_RETURN_TYPE = YES_ERROR;
				GCC_WARN_UNDECLARED_SELECTOR = YES;
				GCC_WARN_UNINITIALIZED_AUTOS = YES_AGGRESSIVE;
				GCC_WARN_UNUSED_FUNCTION = YES;
				GCC_WARN_UNUSED_VARIABLE = YES;
				IPHONEOS_DEPLOYMENT_TARGET = 8.0;
				MTL_ENABLE_DEBUG_INFO = NO;
				SDKROOT = iphoneos;
				SWIFT_OPTIMIZATION_LEVEL = "-Owholemodule";
				TARGETED_DEVICE_FAMILY = "1,2";
				VALIDATE_PRODUCT = YES;
				VERSIONING_SYSTEM = "apple-generic";
				VERSION_INFO_PREFIX = "";
			};
			name = Release;
		};
		2848AB001E9D9E4C004C6A66 /* Debug */ = {
			isa = XCBuildConfiguration;
			buildSettings = {
				CODE_SIGN_IDENTITY = "";
				DEFINES_MODULE = YES;
				DEVELOPMENT_TEAM = "";
				DYLIB_COMPATIBILITY_VERSION = 1;
				DYLIB_CURRENT_VERSION = 1;
				DYLIB_INSTALL_NAME_BASE = "@rpath";
				INFOPLIST_FILE = AdvancedFoundation/Info.plist;
				INSTALL_PATH = "$(LOCAL_LIBRARY_DIR)/Frameworks";
				IPHONEOS_DEPLOYMENT_TARGET = 8.0;
				LD_RUNPATH_SEARCH_PATHS = "$(inherited) @executable_path/Frameworks @loader_path/Frameworks";
				PRODUCT_BUNDLE_IDENTIFIER = com.adamas.foundation;
				PRODUCT_NAME = "$(TARGET_NAME)";
				SKIP_INSTALL = YES;
				SWIFT_VERSION = 3.0;
			};
			name = Debug;
		};
		2848AB011E9D9E4C004C6A66 /* Release */ = {
			isa = XCBuildConfiguration;
			buildSettings = {
				CODE_SIGN_IDENTITY = "";
				DEFINES_MODULE = YES;
				DEVELOPMENT_TEAM = "";
				DYLIB_COMPATIBILITY_VERSION = 1;
				DYLIB_CURRENT_VERSION = 1;
				DYLIB_INSTALL_NAME_BASE = "@rpath";
				INFOPLIST_FILE = AdvancedFoundation/Info.plist;
				INSTALL_PATH = "$(LOCAL_LIBRARY_DIR)/Frameworks";
				IPHONEOS_DEPLOYMENT_TARGET = 8.0;
				LD_RUNPATH_SEARCH_PATHS = "$(inherited) @executable_path/Frameworks @loader_path/Frameworks";
				PRODUCT_BUNDLE_IDENTIFIER = com.adamas.foundation;
				PRODUCT_NAME = "$(TARGET_NAME)";
				SKIP_INSTALL = YES;
				SWIFT_VERSION = 3.0;
			};
			name = Release;
		};
		2848AB031E9D9E4C004C6A66 /* Debug */ = {
			isa = XCBuildConfiguration;
			baseConfigurationReference = D29E49528E53C08AF22ACA11 /* Pods-AdvancedFoundationTests.debug.xcconfig */;
			buildSettings = {
				ALWAYS_EMBED_SWIFT_STANDARD_LIBRARIES = "$(inherited)";
				DEVELOPMENT_TEAM = "";
				INFOPLIST_FILE = AdvancedFoundationTests/Info.plist;
				LD_RUNPATH_SEARCH_PATHS = "$(inherited) @executable_path/Frameworks @loader_path/Frameworks";
				PRODUCT_BUNDLE_IDENTIFIER = com.adamaszhu.AdvancedFoundationTests;
				PRODUCT_NAME = "$(TARGET_NAME)";
				SWIFT_VERSION = 3.0;
				TEST_HOST = "$(BUILT_PRODUCTS_DIR)/AdvancedFoundationHost.app/AdvancedFoundationHost";
			};
			name = Debug;
		};
		2848AB041E9D9E4C004C6A66 /* Release */ = {
			isa = XCBuildConfiguration;
			baseConfigurationReference = 57ED9B2EE2FA2F6771B7AD04 /* Pods-AdvancedFoundationTests.release.xcconfig */;
			buildSettings = {
				ALWAYS_EMBED_SWIFT_STANDARD_LIBRARIES = "$(inherited)";
				DEVELOPMENT_TEAM = "";
				INFOPLIST_FILE = AdvancedFoundationTests/Info.plist;
				LD_RUNPATH_SEARCH_PATHS = "$(inherited) @executable_path/Frameworks @loader_path/Frameworks";
				PRODUCT_BUNDLE_IDENTIFIER = com.adamaszhu.AdvancedFoundationTests;
				PRODUCT_NAME = "$(TARGET_NAME)";
				SWIFT_VERSION = 3.0;
				TEST_HOST = "$(BUILT_PRODUCTS_DIR)/AdvancedFoundationHost.app/AdvancedFoundationHost";
			};
			name = Release;
		};
		425FA3EC1EA056980015E3C1 /* Debug */ = {
			isa = XCBuildConfiguration;
			buildSettings = {
				ASSETCATALOG_COMPILER_APPICON_NAME = AppIcon;
				DEVELOPMENT_TEAM = "";
				INFOPLIST_FILE = AdvancedFoundationHost/Info.plist;
				IPHONEOS_DEPLOYMENT_TARGET = 8.0;
				LD_RUNPATH_SEARCH_PATHS = "$(inherited) @executable_path/Frameworks";
				PRODUCT_BUNDLE_IDENTIFIER = com.adamas.foundationHost;
				PRODUCT_NAME = "$(TARGET_NAME)";
				SWIFT_VERSION = 3.0;
			};
			name = Debug;
		};
		425FA3ED1EA056980015E3C1 /* Release */ = {
			isa = XCBuildConfiguration;
			buildSettings = {
				ASSETCATALOG_COMPILER_APPICON_NAME = AppIcon;
				DEVELOPMENT_TEAM = "";
				INFOPLIST_FILE = AdvancedFoundationHost/Info.plist;
				IPHONEOS_DEPLOYMENT_TARGET = 8.0;
				LD_RUNPATH_SEARCH_PATHS = "$(inherited) @executable_path/Frameworks";
				PRODUCT_BUNDLE_IDENTIFIER = com.adamas.foundationHost;
				PRODUCT_NAME = "$(TARGET_NAME)";
				SWIFT_VERSION = 3.0;
			};
			name = Release;
		};
/* End XCBuildConfiguration section */

/* Begin XCConfigurationList section */
		2848AAE51E9D9E4C004C6A66 /* Build configuration list for PBXProject "AdvancedFoundation" */ = {
			isa = XCConfigurationList;
			buildConfigurations = (
				2848AAFD1E9D9E4C004C6A66 /* Debug */,
				2848AAFE1E9D9E4C004C6A66 /* Release */,
			);
			defaultConfigurationIsVisible = 0;
			defaultConfigurationName = Release;
		};
		2848AAFF1E9D9E4C004C6A66 /* Build configuration list for PBXNativeTarget "AdvancedFoundation" */ = {
			isa = XCConfigurationList;
			buildConfigurations = (
				2848AB001E9D9E4C004C6A66 /* Debug */,
				2848AB011E9D9E4C004C6A66 /* Release */,
			);
			defaultConfigurationIsVisible = 0;
			defaultConfigurationName = Release;
		};
		2848AB021E9D9E4C004C6A66 /* Build configuration list for PBXNativeTarget "AdvancedFoundationTests" */ = {
			isa = XCConfigurationList;
			buildConfigurations = (
				2848AB031E9D9E4C004C6A66 /* Debug */,
				2848AB041E9D9E4C004C6A66 /* Release */,
			);
			defaultConfigurationIsVisible = 0;
			defaultConfigurationName = Release;
		};
		425FA3EE1EA056980015E3C1 /* Build configuration list for PBXNativeTarget "AdvancedFoundationHost" */ = {
			isa = XCConfigurationList;
			buildConfigurations = (
				425FA3EC1EA056980015E3C1 /* Debug */,
				425FA3ED1EA056980015E3C1 /* Release */,
			);
			defaultConfigurationIsVisible = 0;
			defaultConfigurationName = Release;
		};
/* End XCConfigurationList section */

/* Begin XCVersionGroup section */
		28CC3FE81EB8204700C632A5 /* AdvancedFoundationHost.xcdatamodeld */ = {
			isa = XCVersionGroup;
			children = (
				28CC3FE91EB8204700C632A5 /* AdvancedFoundationHost.xcdatamodel */,
			);
			currentVersion = 28CC3FE91EB8204700C632A5 /* AdvancedFoundationHost.xcdatamodel */;
			path = AdvancedFoundationHost.xcdatamodeld;
			sourceTree = "<group>";
			versionGroupType = wrapper.xcdatamodel;
		};
/* End XCVersionGroup section */
	};
	rootObject = 2848AAE21E9D9E4C004C6A66 /* Project object */;
}
